// !$*UTF8*$!
{
	archiveVersion = 1;
	classes = {
	};
	objectVersion = 46;
	objects = {

/* Begin PBXBuildFile section */
		8BD67A061EA076330000D61B /* AppDelegate.swift in Sources */ = {isa = PBXBuildFile; fileRef = 8BD67A051EA076330000D61B /* AppDelegate.swift */; };
		8BD67A081EA076330000D61B /* ViewController.swift in Sources */ = {isa = PBXBuildFile; fileRef = 8BD67A071EA076330000D61B /* ViewController.swift */; };
		8BD67A0B1EA076330000D61B /* Main.storyboard in Resources */ = {isa = PBXBuildFile; fileRef = 8BD67A091EA076330000D61B /* Main.storyboard */; };
		8BD67A0D1EA076330000D61B /* Assets.xcassets in Resources */ = {isa = PBXBuildFile; fileRef = 8BD67A0C1EA076330000D61B /* Assets.xcassets */; };
		8BD67A101EA076330000D61B /* LaunchScreen.storyboard in Resources */ = {isa = PBXBuildFile; fileRef = 8BD67A0E1EA076330000D61B /* LaunchScreen.storyboard */; };
/* End PBXBuildFile section */

/* Begin PBXFileReference section */
		8BD67A021EA076330000D61B /* MoreControls.app */ = {isa = PBXFileReference; explicitFileType = wrapper.application; includeInIndex = 0; path = MoreControls.app; sourceTree = BUILT_PRODUCTS_DIR; };
		8BD67A051EA076330000D61B /* AppDelegate.swift */ = {isa = PBXFileReference; lastKnownFileType = sourcecode.swift; path = AppDelegate.swift; sourceTree = "<group>"; };
		8BD67A071EA076330000D61B /* ViewController.swift */ = {isa = PBXFileReference; lastKnownFileType = sourcecode.swift; path = ViewController.swift; sourceTree = "<group>"; };
		8BD67A0A1EA076330000D61B /* Base */ = {isa = PBXFileReference; lastKnownFileType = file.storyboard; name = Base; path = Base.lproj/Main.storyboard; sourceTree = "<group>"; };
		8BD67A0C1EA076330000D61B /* Assets.xcassets */ = {isa = PBXFileReference; lastKnownFileType = folder.assetcatalog; path = Assets.xcassets; sourceTree = "<group>"; };
		8BD67A0F1EA076330000D61B /* Base */ = {isa = PBXFileReference; lastKnownFileType = file.storyboard; name = Base; path = Base.lproj/LaunchScreen.storyboard; sourceTree = "<group>"; };
		8BD67A111EA076330000D61B /* Info.plist */ = {isa = PBXFileReference; lastKnownFileType = text.plist.xml; path = Info.plist; sourceTree = "<group>"; };
/* End PBXFileReference section */

/* Begin PBXFrameworksBuildPhase section */
		8BD679FF1EA076320000D61B /* Frameworks */ = {
			isa = PBXFrameworksBuildPhase;
			buildActionMask = 2147483647;
			files = (
			);
			runOnlyForDeploymentPostprocessing = 0;
		};
/* End PBXFrameworksBuildPhase section */

/* Begin PBXGroup section */
		8BD679F91EA076320000D61B = {
			isa = PBXGroup;
			children = (
				8BD67A041EA076330000D61B /* MoreControls */,
				8BD67A031EA076330000D61B /* Products */,
			);
			sourceTree = "<group>";
		};
		8BD67A031EA076330000D61B /* Products */ = {
			isa = PBXGroup;
			children = (
				8BD67A021EA076330000D61B /* MoreControls.app */,
			);
			name = Products;
			sourceTree = "<group>";
		};
		8BD67A041EA076330000D61B /* MoreControls */ = {
			isa = PBXGroup;
			children = (
				8BD67A051EA076330000D61B /* AppDelegate.swift */,
				8BD67A071EA076330000D61B /* ViewController.swift */,
				8BD67A091EA076330000D61B /* Main.storyboard */,
				8BD67A0C1EA076330000D61B /* Assets.xcassets */,
				8BD67A0E1EA076330000D61B /* LaunchScreen.storyboard */,
				8BD67A111EA076330000D61B /* Info.plist */,
			);
			path = MoreControls;
			sourceTree = "<group>";
		};
/* End PBXGroup section */

/* Begin PBXNativeTarget section */
		8BD67A011EA076320000D61B /* MoreControls */ = {
			isa = PBXNativeTarget;
			buildConfigurationList = 8BD67A141EA076330000D61B /* Build configuration list for PBXNativeTarget "MoreControls" */;
			buildPhases = (
				8BD679FE1EA076320000D61B /* Sources */,
				8BD679FF1EA076320000D61B /* Frameworks */,
				8BD67A001EA076320000D61B /* Resources */,
			);
			buildRules = (
			);
			dependencies = (
			);
			name = MoreControls;
			productName = MoreControls;
			productReference = 8BD67A021EA076330000D61B /* MoreControls.app */;
			productType = "com.apple.product-type.application";
		};
/* End PBXNativeTarget section */

/* Begin PBXProject section */
		8BD679FA1EA076320000D61B /* Project object */ = {
			isa = PBXProject;
			attributes = {
				LastSwiftUpdateCheck = 0820;
				LastUpgradeCheck = 0820;
				ORGANIZATIONNAME = CodeKul;
				TargetAttributes = {
					8BD67A011EA076320000D61B = {
						CreatedOnToolsVersion = 8.2.1;
						ProvisioningStyle = Automatic;
					};
				};
			};
			buildConfigurationList = 8BD679FD1EA076320000D61B /* Build configuration list for PBXProject "MoreControls" */;
			compatibilityVersion = "Xcode 3.2";
			developmentRegion = English;
			hasScannedForEncodings = 0;
			knownRegions = (
				en,
				Base,
			);
			mainGroup = 8BD679F91EA076320000D61B;
			productRefGroup = 8BD67A031EA076330000D61B /* Products */;
			projectDirPath = "";
			projectRoot = "";
			targets = (
				8BD67A011EA076320000D61B /* MoreControls */,
			);
		};
/* End PBXProject section */

/* Begin PBXResourcesBuildPhase section */
		8BD67A001EA076320000D61B /* Resources */ = {
			isa = PBXResourcesBuildPhase;
			buildActionMask = 2147483647;
			files = (
				8BD67A101EA076330000D61B /* LaunchScreen.storyboard in Resources */,
				8BD67A0D1EA076330000D61B /* Assets.xcassets in Resources */,
				8BD67A0B1EA076330000D61B /* Main.storyboard in Resources */,
			);
			runOnlyForDeploymentPostprocessing = 0;
		};
/* End PBXResourcesBuildPhase section */

/* Begin PBXSourcesBuildPhase section */
		8BD679FE1EA076320000D61B /* Sources */ = {
			isa = PBXSourcesBuildPhase;
			buildActionMask = 2147483647;
			files = (
				8BD67A081EA076330000D61B /* ViewController.swift in Sources */,
				8BD67A061EA076330000D61B /* AppDelegate.swift in Sources */,
			);
			runOnlyForDeploymentPostprocessing = 0;
		};
/* End PBXSourcesBuildPhase section */

/* Begin PBXVariantGroup section */
		8BD67A091EA076330000D61B /* Main.storyboard */ = {
			isa = PBXVariantGroup;
			children = (
				8BD67A0A1EA076330000D61B /* Base */,
			);
			name = Main.storyboard;
			sourceTree = "<group>";
		};
		8BD67A0E1EA076330000D61B /* LaunchScreen.storyboard */ = {
			isa = PBXVariantGroup;
			children = (
				8BD67A0F1EA076330000D61B /* Base */,
			);
			name = LaunchScreen.storyboard;
			sourceTree = "<group>";
		};
/* End PBXVariantGroup section */

/* Begin XCBuildConfiguration section */
		8BD67A121EA076330000D61B /* Debug */ = {
			isa = XCBuildConfiguration;
			buildSettings = {
				ALWAYS_SEARCH_USER_PATHS = NO;
				CLANG_ANALYZER_NONNULL = YES;
				CLANG_CXX_LANGUAGE_STANDARD = "gnu++0x";
				CLANG_CXX_LIBRARY = "libc++";
				CLANG_ENABLE_MODULES = YES;
				CLANG_ENABLE_OBJC_ARC = YES;
				CLANG_WARN_BOOL_CONVERSION = YES;
				CLANG_WARN_CONSTANT_CONVERSION = YES;
				CLANG_WARN_DIRECT_OBJC_ISA_USAGE = YES_ERROR;
				CLANG_WARN_DOCUMENTATION_COMMENTS = YES;
				CLANG_WARN_EMPTY_BODY = YES;
				CLANG_WARN_ENUM_CONVERSION = YES;
				CLANG_WARN_INFINITE_RECURSION = YES;
				CLANG_WARN_INT_CONVERSION = YES;
				CLANG_WARN_OBJC_ROOT_CLASS = YES_ERROR;
				CLANG_WARN_SUSPICIOUS_MOVE = YES;
				CLANG_WARN_UNREACHABLE_CODE = YES;
				CLANG_WARN__DUPLICATE_METHOD_MATCH = YES;
				"CODE_SIGN_IDENTITY[sdk=iphoneos*]" = "iPhone Developer";
				COPY_PHASE_STRIP = NO;
				DEBUG_INFORMATION_FORMAT = dwarf;
				ENABLE_STRICT_OBJC_MSGSEND = YES;
				ENABLE_TESTABILITY = YES;
				GCC_C_LANGUAGE_STANDARD = gnu99;
				GCC_DYNAMIC_NO_PIC = NO;
				GCC_NO_COMMON_BLOCKS = YES;
				GCC_OPTIMIZATION_LEVEL = 0;
				GCC_PREPROCESSOR_DEFINITIONS = (
					"DEBUG=1",
					"$(inherited)",
				);
				GCC_WARN_64_TO_32_BIT_CONVERSION = YES;
				GCC_WARN_ABOUT_RETURN_TYPE = YES_ERROR;
				GCC_WARN_UNDECLARED_SELECTOR = YES;
				GCC_WARN_UNINITIALIZED_AUTOS = YES_AGGRESSIVE;
				GCC_WARN_UNUSED_FUNCTION = YES;
				GCC_WARN_UNUSED_VARIABLE = YES;
				IPHONEOS_DEPLOYMENT_TARGET = 10.2;
				MTL_ENABLE_DEBUG_INFO = YES;
				ONLY_ACTIVE_ARCH = YES;
				SDKROOT = iphoneos;
				SWIFT_ACTIVE_COMPILATION_CONDITIONS = DEBUG;
				SWIFT_OPTIMIZATION_LEVEL = "-Onone";
			};
			name = Debug;
		};
		8BD67A131EA076330000D61B /* Release */ = {
			isa = XCBuildConfiguration;
			buildSettings = {
				ALWAYS_SEARCH_USER_PATHS = NO;
				CLANG_ANALYZER_NONNULL = YES;
				CLANG_CXX_LANGUAGE_STANDARD = "gnu++0x";
				CLANG_CXX_LIBRARY = "libc++";
				CLANG_ENABLE_MODULES = YES;
				CLANG_ENABLE_OBJC_ARC = YES;
				CLANG_WARN_BOOL_CONVERSION = YES;
				CLANG_WARN_CONSTANT_CONVERSION = YES;
				CLANG_WARN_DIRECT_OBJC_ISA_USAGE = YES_ERROR;
				CLANG_WARN_DOCUMENTATION_COMMENTS = YES;
				CLANG_WARN_EMPTY_BODY = YES;
				CLANG_WARN_ENUM_CONVERSION = YES;
				CLANG_WARN_INFINITE_RECURSION = YES;
				CLANG_WARN_INT_CONVERSION = YES;
				CLANG_WARN_OBJC_ROOT_CLASS = YES_ERROR;
				CLANG_WARN_SUSPICIOUS_MOVE = YES;
				CLANG_WARN_UNREACHABLE_CODE = YES;
				CLANG_WARN__DUPLICATE_METHOD_MATCH = YES;
				"CODE_SIGN_IDENTITY[sdk=iphoneos*]" = "iPhone Developer";
				COPY_PHASE_STRIP = NO;
				DEBUG_INFORMATION_FORMAT = "dwarf-with-dsym";
				ENABLE_NS_ASSERTIONS = NO;
				ENABLE_STRICT_OBJC_MSGSEND = YES;
				GCC_C_LANGUAGE_STANDARD = gnu99;
				GCC_NO_COMMON_BLOCKS = YES;
				GCC_WARN_64_TO_32_BIT_CONVERSION = YES;
				GCC_WARN_ABOUT_RETURN_TYPE = YES_ERROR;
				GCC_WARN_UNDECLARED_SELECTOR = YES;
				GCC_WARN_UNINITIALIZED_AUTOS = YES_AGGRESSIVE;
				GCC_WARN_UNUSED_FUNCTION = YES;
				GCC_WARN_UNUSED_VARIABLE = YES;
				IPHONEOS_DEPLOYMENT_TARGET = 10.2;
				MTL_ENABLE_DEBUG_INFO = NO;
				SDKROOT = iphoneos;
				SWIFT_OPTIMIZATION_LEVEL = "-Owholemodule";
				VALIDATE_PRODUCT = YES;
			};
			name = Release;
		};
		8BD67A151EA076330000D61B /* Debug */ = {
			isa = XCBuildConfiguration;
			buildSettings = {
				ASSETCATALOG_COMPILER_APPICON_NAME = AppIcon;
				INFOPLIST_FILE = MoreControls/Info.plist;
				LD_RUNPATH_SEARCH_PATHS = "$(inherited) @executable_path/Frameworks";
				PRODUCT_BUNDLE_IDENTIFIER = com.codekul.MoreControls;
				PRODUCT_NAME = "$(TARGET_NAME)";
				SWIFT_VERSION = 3.0;
			};
			name = Debug;
		};
		8BD67A161EA076330000D61B /* Release */ = {
			isa = XCBuildConfiguration;
			buildSettings = {
				ASSETCATALOG_COMPILER_APPICON_NAME = AppIcon;
				INFOPLIST_FILE = MoreControls/Info.plist;
				LD_RUNPATH_SEARCH_PATHS = "$(inherited) @executable_path/Frameworks";
				PRODUCT_BUNDLE_IDENTIFIER = com.codekul.MoreControls;
				PRODUCT_NAME = "$(TARGET_NAME)";
				SWIFT_VERSION = 3.0;
			};
			name = Release;
		};
/* End XCBuildConfiguration section */

/* Begin XCConfigurationList section */
		8BD679FD1EA076320000D61B /* Build configuration list for PBXProject "MoreControls" */ = {
			isa = XCConfigurationList;
			buildConfigurations = (
				8BD67A121EA076330000D61B /* Debug */,
				8BD67A131EA076330000D61B /* Release */,
			);
			defaultConfigurationIsVisible = 0;
			defaultConfigurationName = Release;
		};
		8BD67A141EA076330000D61B /* Build configuration list for PBXNativeTarget "MoreControls" */ = {
			isa = XCConfigurationList;
			buildConfigurations = (
				8BD67A151EA076330000D61B /* Debug */,
				8BD67A161EA076330000D61B /* Release */,
			);
			defaultConfigurationIsVisible = 0;
		};
/* End XCConfigurationList section */
	};
	rootObject = 8BD679FA1EA076320000D61B /* Project object */;
}
