// !$*UTF8*$!
{
	archiveVersion = 1;
	classes = {
	};
	objectVersion = 46;
	objects = {

/* Begin PBXBuildFile section */
		8B16ABC11EDFD3F80016EB6C /* CitiesTableViewCell.swift in Sources */ = {isa = PBXBuildFile; fileRef = 8B16ABC01EDFD3F80016EB6C /* CitiesTableViewCell.swift */; };
		8B16ABC31EDFD4550016EB6C /* CitiesViewController.swift in Sources */ = {isa = PBXBuildFile; fileRef = 8B16ABC21EDFD4550016EB6C /* CitiesViewController.swift */; };
		8BAE46941EDD2CFB00B57179 /* AppDelegate.swift in Sources */ = {isa = PBXBuildFile; fileRef = 8BAE46931EDD2CFB00B57179 /* AppDelegate.swift */; };
		8BAE46961EDD2CFB00B57179 /* ViewController.swift in Sources */ = {isa = PBXBuildFile; fileRef = 8BAE46951EDD2CFB00B57179 /* ViewController.swift */; };
		8BAE46991EDD2CFB00B57179 /* Main.storyboard in Resources */ = {isa = PBXBuildFile; fileRef = 8BAE46971EDD2CFB00B57179 /* Main.storyboard */; };
		8BAE469B1EDD2CFB00B57179 /* Assets.xcassets in Resources */ = {isa = PBXBuildFile; fileRef = 8BAE469A1EDD2CFB00B57179 /* Assets.xcassets */; };
		8BAE469E1EDD2CFB00B57179 /* LaunchScreen.storyboard in Resources */ = {isa = PBXBuildFile; fileRef = 8BAE469C1EDD2CFB00B57179 /* LaunchScreen.storyboard */; };
		8BAE46A61EDD2FC000B57179 /* NewsPaperTableViewCell.swift in Sources */ = {isa = PBXBuildFile; fileRef = 8BAE46A51EDD2FC000B57179 /* NewsPaperTableViewCell.swift */; };
/* End PBXBuildFile section */

/* Begin PBXFileReference section */
		8B16ABC01EDFD3F80016EB6C /* CitiesTableViewCell.swift */ = {isa = PBXFileReference; fileEncoding = 4; lastKnownFileType = sourcecode.swift; path = CitiesTableViewCell.swift; sourceTree = "<group>"; };
		8B16ABC21EDFD4550016EB6C /* CitiesViewController.swift */ = {isa = PBXFileReference; fileEncoding = 4; lastKnownFileType = sourcecode.swift; path = CitiesViewController.swift; sourceTree = "<group>"; };
		8BAE46901EDD2CFB00B57179 /* XMLParsingRSS.app */ = {isa = PBXFileReference; explicitFileType = wrapper.application; includeInIndex = 0; path = XMLParsingRSS.app; sourceTree = BUILT_PRODUCTS_DIR; };
		8BAE46931EDD2CFB00B57179 /* AppDelegate.swift */ = {isa = PBXFileReference; lastKnownFileType = sourcecode.swift; path = AppDelegate.swift; sourceTree = "<group>"; };
		8BAE46951EDD2CFB00B57179 /* ViewController.swift */ = {isa = PBXFileReference; lastKnownFileType = sourcecode.swift; path = ViewController.swift; sourceTree = "<group>"; };
		8BAE46981EDD2CFB00B57179 /* Base */ = {isa = PBXFileReference; lastKnownFileType = file.storyboard; name = Base; path = Base.lproj/Main.storyboard; sourceTree = "<group>"; };
		8BAE469A1EDD2CFB00B57179 /* Assets.xcassets */ = {isa = PBXFileReference; lastKnownFileType = folder.assetcatalog; path = Assets.xcassets; sourceTree = "<group>"; };
		8BAE469D1EDD2CFB00B57179 /* Base */ = {isa = PBXFileReference; lastKnownFileType = file.storyboard; name = Base; path = Base.lproj/LaunchScreen.storyboard; sourceTree = "<group>"; };
		8BAE469F1EDD2CFB00B57179 /* Info.plist */ = {isa = PBXFileReference; lastKnownFileType = text.plist.xml; path = Info.plist; sourceTree = "<group>"; };
		8BAE46A51EDD2FC000B57179 /* NewsPaperTableViewCell.swift */ = {isa = PBXFileReference; fileEncoding = 4; lastKnownFileType = sourcecode.swift; path = NewsPaperTableViewCell.swift; sourceTree = "<group>"; };
/* End PBXFileReference section */

/* Begin PBXFrameworksBuildPhase section */
		8BAE468D1EDD2CFB00B57179 /* Frameworks */ = {
			isa = PBXFrameworksBuildPhase;
			buildActionMask = 2147483647;
			files = (
			);
			runOnlyForDeploymentPostprocessing = 0;
		};
/* End PBXFrameworksBuildPhase section */

/* Begin PBXGroup section */
		8BAE46871EDD2CFB00B57179 = {
			isa = PBXGroup;
			children = (
				8BAE46921EDD2CFB00B57179 /* XMLParsingRSS */,
				8BAE46911EDD2CFB00B57179 /* Products */,
			);
			sourceTree = "<group>";
		};
		8BAE46911EDD2CFB00B57179 /* Products */ = {
			isa = PBXGroup;
			children = (
				8BAE46901EDD2CFB00B57179 /* XMLParsingRSS.app */,
			);
			name = Products;
			sourceTree = "<group>";
		};
		8BAE46921EDD2CFB00B57179 /* XMLParsingRSS */ = {
			isa = PBXGroup;
			children = (
				8BAE46931EDD2CFB00B57179 /* AppDelegate.swift */,
				8BAE46951EDD2CFB00B57179 /* ViewController.swift */,
				8BAE46971EDD2CFB00B57179 /* Main.storyboard */,
				8BAE469A1EDD2CFB00B57179 /* Assets.xcassets */,
				8BAE469C1EDD2CFB00B57179 /* LaunchScreen.storyboard */,
				8BAE469F1EDD2CFB00B57179 /* Info.plist */,
				8BAE46A51EDD2FC000B57179 /* NewsPaperTableViewCell.swift */,
				8B16ABC01EDFD3F80016EB6C /* CitiesTableViewCell.swift */,
				8B16ABC21EDFD4550016EB6C /* CitiesViewController.swift */,
			);
			path = XMLParsingRSS;
			sourceTree = "<group>";
		};
/* End PBXGroup section */

/* Begin PBXNativeTarget section */
		8BAE468F1EDD2CFB00B57179 /* XMLParsingRSS */ = {
			isa = PBXNativeTarget;
			buildConfigurationList = 8BAE46A21EDD2CFB00B57179 /* Build configuration list for PBXNativeTarget "XMLParsingRSS" */;
			buildPhases = (
				8BAE468C1EDD2CFB00B57179 /* Sources */,
				8BAE468D1EDD2CFB00B57179 /* Frameworks */,
				8BAE468E1EDD2CFB00B57179 /* Resources */,
			);
			buildRules = (
			);
			dependencies = (
			);
			name = XMLParsingRSS;
			productName = XMLParsingRSS;
			productReference = 8BAE46901EDD2CFB00B57179 /* XMLParsingRSS.app */;
			productType = "com.apple.product-type.application";
		};
/* End PBXNativeTarget section */

/* Begin PBXProject section */
		8BAE46881EDD2CFB00B57179 /* Project object */ = {
			isa = PBXProject;
			attributes = {
				LastSwiftUpdateCheck = 0820;
				LastUpgradeCheck = 0820;
				ORGANIZATIONNAME = CodeKul;
				TargetAttributes = {
					8BAE468F1EDD2CFB00B57179 = {
						CreatedOnToolsVersion = 8.2.1;
						ProvisioningStyle = Automatic;
					};
				};
			};
			buildConfigurationList = 8BAE468B1EDD2CFB00B57179 /* Build configuration list for PBXProject "XMLParsingRSS" */;
			compatibilityVersion = "Xcode 3.2";
			developmentRegion = English;
			hasScannedForEncodings = 0;
			knownRegions = (
				en,
				Base,
			);
			mainGroup = 8BAE46871EDD2CFB00B57179;
			productRefGroup = 8BAE46911EDD2CFB00B57179 /* Products */;
			projectDirPath = "";
			projectRoot = "";
			targets = (
				8BAE468F1EDD2CFB00B57179 /* XMLParsingRSS */,
			);
		};
/* End PBXProject section */

/* Begin PBXResourcesBuildPhase section */
		8BAE468E1EDD2CFB00B57179 /* Resources */ = {
			isa = PBXResourcesBuildPhase;
			buildActionMask = 2147483647;
			files = (
				8BAE469E1EDD2CFB00B57179 /* LaunchScreen.storyboard in Resources */,
				8BAE469B1EDD2CFB00B57179 /* Assets.xcassets in Resources */,
				8BAE46991EDD2CFB00B57179 /* Main.storyboard in Resources */,
			);
			runOnlyForDeploymentPostprocessing = 0;
		};
/* End PBXResourcesBuildPhase section */

/* Begin PBXSourcesBuildPhase section */
		8BAE468C1EDD2CFB00B57179 /* Sources */ = {
			isa = PBXSourcesBuildPhase;
			buildActionMask = 2147483647;
			files = (
				8B16ABC11EDFD3F80016EB6C /* CitiesTableViewCell.swift in Sources */,
				8B16ABC31EDFD4550016EB6C /* CitiesViewController.swift in Sources */,
				8BAE46A61EDD2FC000B57179 /* NewsPaperTableViewCell.swift in Sources */,
				8BAE46961EDD2CFB00B57179 /* ViewController.swift in Sources */,
				8BAE46941EDD2CFB00B57179 /* AppDelegate.swift in Sources */,
			);
			runOnlyForDeploymentPostprocessing = 0;
		};
/* End PBXSourcesBuildPhase section */

/* Begin PBXVariantGroup section */
		8BAE46971EDD2CFB00B57179 /* Main.storyboard */ = {
			isa = PBXVariantGroup;
			children = (
				8BAE46981EDD2CFB00B57179 /* Base */,
			);
			name = Main.storyboard;
			sourceTree = "<group>";
		};
		8BAE469C1EDD2CFB00B57179 /* LaunchScreen.storyboard */ = {
			isa = PBXVariantGroup;
			children = (
				8BAE469D1EDD2CFB00B57179 /* Base */,
			);
			name = LaunchScreen.storyboard;
			sourceTree = "<group>";
		};
/* End PBXVariantGroup section */

/* Begin XCBuildConfiguration section */
		8BAE46A01EDD2CFB00B57179 /* Debug */ = {
			isa = XCBuildConfiguration;
			buildSettings = {
				ALWAYS_SEARCH_USER_PATHS = NO;
				CLANG_ANALYZER_NONNULL = YES;
				CLANG_CXX_LANGUAGE_STANDARD = "gnu++0x";
				CLANG_CXX_LIBRARY = "libc++";
				CLANG_ENABLE_MODULES = YES;
				CLANG_ENABLE_OBJC_ARC = YES;
				CLANG_WARN_BOOL_CONVERSION = YES;
				CLANG_WARN_CONSTANT_CONVERSION = YES;
				CLANG_WARN_DIRECT_OBJC_ISA_USAGE = YES_ERROR;
				CLANG_WARN_DOCUMENTATION_COMMENTS = YES;
				CLANG_WARN_EMPTY_BODY = YES;
				CLANG_WARN_ENUM_CONVERSION = YES;
				CLANG_WARN_INFINITE_RECURSION = YES;
				CLANG_WARN_INT_CONVERSION = YES;
				CLANG_WARN_OBJC_ROOT_CLASS = YES_ERROR;
				CLANG_WARN_SUSPICIOUS_MOVE = YES;
				CLANG_WARN_UNREACHABLE_CODE = YES;
				CLANG_WARN__DUPLICATE_METHOD_MATCH = YES;
				"CODE_SIGN_IDENTITY[sdk=iphoneos*]" = "iPhone Developer";
				COPY_PHASE_STRIP = NO;
				DEBUG_INFORMATION_FORMAT = dwarf;
				ENABLE_STRICT_OBJC_MSGSEND = YES;
				ENABLE_TESTABILITY = YES;
				GCC_C_LANGUAGE_STANDARD = gnu99;
				GCC_DYNAMIC_NO_PIC = NO;
				GCC_NO_COMMON_BLOCKS = YES;
				GCC_OPTIMIZATION_LEVEL = 0;
				GCC_PREPROCESSOR_DEFINITIONS = (
					"DEBUG=1",
					"$(inherited)",
				);
				GCC_WARN_64_TO_32_BIT_CONVERSION = YES;
				GCC_WARN_ABOUT_RETURN_TYPE = YES_ERROR;
				GCC_WARN_UNDECLARED_SELECTOR = YES;
				GCC_WARN_UNINITIALIZED_AUTOS = YES_AGGRESSIVE;
				GCC_WARN_UNUSED_FUNCTION = YES;
				GCC_WARN_UNUSED_VARIABLE = YES;
				IPHONEOS_DEPLOYMENT_TARGET = 10.2;
				MTL_ENABLE_DEBUG_INFO = YES;
				ONLY_ACTIVE_ARCH = YES;
				SDKROOT = iphoneos;
				SWIFT_ACTIVE_COMPILATION_CONDITIONS = DEBUG;
				SWIFT_OPTIMIZATION_LEVEL = "-Onone";
			};
			name = Debug;
		};
		8BAE46A11EDD2CFB00B57179 /* Release */ = {
			isa = XCBuildConfiguration;
			buildSettings = {
				ALWAYS_SEARCH_USER_PATHS = NO;
				CLANG_ANALYZER_NONNULL = YES;
				CLANG_CXX_LANGUAGE_STANDARD = "gnu++0x";
				CLANG_CXX_LIBRARY = "libc++";
				CLANG_ENABLE_MODULES = YES;
				CLANG_ENABLE_OBJC_ARC = YES;
				CLANG_WARN_BOOL_CONVERSION = YES;
				CLANG_WARN_CONSTANT_CONVERSION = YES;
				CLANG_WARN_DIRECT_OBJC_ISA_USAGE = YES_ERROR;
				CLANG_WARN_DOCUMENTATION_COMMENTS = YES;
				CLANG_WARN_EMPTY_BODY = YES;
				CLANG_WARN_ENUM_CONVERSION = YES;
				CLANG_WARN_INFINITE_RECURSION = YES;
				CLANG_WARN_INT_CONVERSION = YES;
				CLANG_WARN_OBJC_ROOT_CLASS = YES_ERROR;
				CLANG_WARN_SUSPICIOUS_MOVE = YES;
				CLANG_WARN_UNREACHABLE_CODE = YES;
				CLANG_WARN__DUPLICATE_METHOD_MATCH = YES;
				"CODE_SIGN_IDENTITY[sdk=iphoneos*]" = "iPhone Developer";
				COPY_PHASE_STRIP = NO;
				DEBUG_INFORMATION_FORMAT = "dwarf-with-dsym";
				ENABLE_NS_ASSERTIONS = NO;
				ENABLE_STRICT_OBJC_MSGSEND = YES;
				GCC_C_LANGUAGE_STANDARD = gnu99;
				GCC_NO_COMMON_BLOCKS = YES;
				GCC_WARN_64_TO_32_BIT_CONVERSION = YES;
				GCC_WARN_ABOUT_RETURN_TYPE = YES_ERROR;
				GCC_WARN_UNDECLARED_SELECTOR = YES;
				GCC_WARN_UNINITIALIZED_AUTOS = YES_AGGRESSIVE;
				GCC_WARN_UNUSED_FUNCTION = YES;
				GCC_WARN_UNUSED_VARIABLE = YES;
				IPHONEOS_DEPLOYMENT_TARGET = 10.2;
				MTL_ENABLE_DEBUG_INFO = NO;
				SDKROOT = iphoneos;
				SWIFT_OPTIMIZATION_LEVEL = "-Owholemodule";
				VALIDATE_PRODUCT = YES;
			};
			name = Release;
		};
		8BAE46A31EDD2CFB00B57179 /* Debug */ = {
			isa = XCBuildConfiguration;
			buildSettings = {
				ASSETCATALOG_COMPILER_APPICON_NAME = AppIcon;
				INFOPLIST_FILE = XMLParsingRSS/Info.plist;
				LD_RUNPATH_SEARCH_PATHS = "$(inherited) @executable_path/Frameworks";
				PRODUCT_BUNDLE_IDENTIFIER = com.codekul.XMLParsingRSS;
				PRODUCT_NAME = "$(TARGET_NAME)";
				SWIFT_VERSION = 3.0;
			};
			name = Debug;
		};
		8BAE46A41EDD2CFB00B57179 /* Release */ = {
			isa = XCBuildConfiguration;
			buildSettings = {
				ASSETCATALOG_COMPILER_APPICON_NAME = AppIcon;
				INFOPLIST_FILE = XMLParsingRSS/Info.plist;
				LD_RUNPATH_SEARCH_PATHS = "$(inherited) @executable_path/Frameworks";
				PRODUCT_BUNDLE_IDENTIFIER = com.codekul.XMLParsingRSS;
				PRODUCT_NAME = "$(TARGET_NAME)";
				SWIFT_VERSION = 3.0;
			};
			name = Release;
		};
/* End XCBuildConfiguration section */

/* Begin XCConfigurationList section */
		8BAE468B1EDD2CFB00B57179 /* Build configuration list for PBXProject "XMLParsingRSS" */ = {
			isa = XCConfigurationList;
			buildConfigurations = (
				8BAE46A01EDD2CFB00B57179 /* Debug */,
				8BAE46A11EDD2CFB00B57179 /* Release */,
			);
			defaultConfigurationIsVisible = 0;
			defaultConfigurationName = Release;
		};
		8BAE46A21EDD2CFB00B57179 /* Build configuration list for PBXNativeTarget "XMLParsingRSS" */ = {
			isa = XCConfigurationList;
			buildConfigurations = (
				8BAE46A31EDD2CFB00B57179 /* Debug */,
				8BAE46A41EDD2CFB00B57179 /* Release */,
			);
			defaultConfigurationIsVisible = 0;
			defaultConfigurationName = Release;
		};
/* End XCConfigurationList section */
	};
	rootObject = 8BAE46881EDD2CFB00B57179 /* Project object */;
}
