// !$*UTF8*$!
{
	archiveVersion = 1;
	classes = {
	};
	objectVersion = 46;
	objects = {

/* Begin PBXBuildFile section */
		8791FCF91ED7DEE500DD2950 /* AppDelegate.swift in Sources */ = {isa = PBXBuildFile; fileRef = 8791FCF81ED7DEE500DD2950 /* AppDelegate.swift */; };
		8791FCFB1ED7DEE500DD2950 /* ViewController.swift in Sources */ = {isa = PBXBuildFile; fileRef = 8791FCFA1ED7DEE500DD2950 /* ViewController.swift */; };
		8791FCFE1ED7DEE500DD2950 /* Main.storyboard in Resources */ = {isa = PBXBuildFile; fileRef = 8791FCFC1ED7DEE500DD2950 /* Main.storyboard */; };
		8791FD001ED7DEE500DD2950 /* Assets.xcassets in Resources */ = {isa = PBXBuildFile; fileRef = 8791FCFF1ED7DEE500DD2950 /* Assets.xcassets */; };
		8791FD031ED7DEE500DD2950 /* LaunchScreen.storyboard in Resources */ = {isa = PBXBuildFile; fileRef = 8791FD011ED7DEE500DD2950 /* LaunchScreen.storyboard */; };
/* End PBXBuildFile section */

/* Begin PBXFileReference section */
		8791FCF51ED7DEE500DD2950 /* JsonParsing.app */ = {isa = PBXFileReference; explicitFileType = wrapper.application; includeInIndex = 0; path = JsonParsing.app; sourceTree = BUILT_PRODUCTS_DIR; };
		8791FCF81ED7DEE500DD2950 /* AppDelegate.swift */ = {isa = PBXFileReference; lastKnownFileType = sourcecode.swift; path = AppDelegate.swift; sourceTree = "<group>"; };
		8791FCFA1ED7DEE500DD2950 /* ViewController.swift */ = {isa = PBXFileReference; lastKnownFileType = sourcecode.swift; path = ViewController.swift; sourceTree = "<group>"; };
		8791FCFD1ED7DEE500DD2950 /* Base */ = {isa = PBXFileReference; lastKnownFileType = file.storyboard; name = Base; path = Base.lproj/Main.storyboard; sourceTree = "<group>"; };
		8791FCFF1ED7DEE500DD2950 /* Assets.xcassets */ = {isa = PBXFileReference; lastKnownFileType = folder.assetcatalog; path = Assets.xcassets; sourceTree = "<group>"; };
		8791FD021ED7DEE500DD2950 /* Base */ = {isa = PBXFileReference; lastKnownFileType = file.storyboard; name = Base; path = Base.lproj/LaunchScreen.storyboard; sourceTree = "<group>"; };
		8791FD041ED7DEE600DD2950 /* Info.plist */ = {isa = PBXFileReference; lastKnownFileType = text.plist.xml; path = Info.plist; sourceTree = "<group>"; };
/* End PBXFileReference section */

/* Begin PBXFrameworksBuildPhase section */
		8791FCF21ED7DEE500DD2950 /* Frameworks */ = {
			isa = PBXFrameworksBuildPhase;
			buildActionMask = 2147483647;
			files = (
			);
			runOnlyForDeploymentPostprocessing = 0;
		};
/* End PBXFrameworksBuildPhase section */

/* Begin PBXGroup section */
		8791FCEC1ED7DEE500DD2950 = {
			isa = PBXGroup;
			children = (
				8791FCF71ED7DEE500DD2950 /* JsonParsing */,
				8791FCF61ED7DEE500DD2950 /* Products */,
			);
			sourceTree = "<group>";
		};
		8791FCF61ED7DEE500DD2950 /* Products */ = {
			isa = PBXGroup;
			children = (
				8791FCF51ED7DEE500DD2950 /* JsonParsing.app */,
			);
			name = Products;
			sourceTree = "<group>";
		};
		8791FCF71ED7DEE500DD2950 /* JsonParsing */ = {
			isa = PBXGroup;
			children = (
				8791FCF81ED7DEE500DD2950 /* AppDelegate.swift */,
				8791FCFA1ED7DEE500DD2950 /* ViewController.swift */,
				8791FCFC1ED7DEE500DD2950 /* Main.storyboard */,
				8791FCFF1ED7DEE500DD2950 /* Assets.xcassets */,
				8791FD011ED7DEE500DD2950 /* LaunchScreen.storyboard */,
				8791FD041ED7DEE600DD2950 /* Info.plist */,
			);
			path = JsonParsing;
			sourceTree = "<group>";
		};
/* End PBXGroup section */

/* Begin PBXNativeTarget section */
		8791FCF41ED7DEE500DD2950 /* JsonParsing */ = {
			isa = PBXNativeTarget;
			buildConfigurationList = 8791FD071ED7DEE600DD2950 /* Build configuration list for PBXNativeTarget "JsonParsing" */;
			buildPhases = (
				8791FCF11ED7DEE500DD2950 /* Sources */,
				8791FCF21ED7DEE500DD2950 /* Frameworks */,
				8791FCF31ED7DEE500DD2950 /* Resources */,
			);
			buildRules = (
			);
			dependencies = (
			);
			name = JsonParsing;
			productName = JsonParsing;
			productReference = 8791FCF51ED7DEE500DD2950 /* JsonParsing.app */;
			productType = "com.apple.product-type.application";
		};
/* End PBXNativeTarget section */

/* Begin PBXProject section */
		8791FCED1ED7DEE500DD2950 /* Project object */ = {
			isa = PBXProject;
			attributes = {
				LastSwiftUpdateCheck = 0830;
				LastUpgradeCheck = 0830;
				ORGANIZATIONNAME = CodeKul;
				TargetAttributes = {
					8791FCF41ED7DEE500DD2950 = {
						CreatedOnToolsVersion = 8.3;
						ProvisioningStyle = Automatic;
					};
				};
			};
			buildConfigurationList = 8791FCF01ED7DEE500DD2950 /* Build configuration list for PBXProject "JsonParsing" */;
			compatibilityVersion = "Xcode 3.2";
			developmentRegion = English;
			hasScannedForEncodings = 0;
			knownRegions = (
				en,
				Base,
			);
			mainGroup = 8791FCEC1ED7DEE500DD2950;
			productRefGroup = 8791FCF61ED7DEE500DD2950 /* Products */;
			projectDirPath = "";
			projectRoot = "";
			targets = (
				8791FCF41ED7DEE500DD2950 /* JsonParsing */,
			);
		};
/* End PBXProject section */

/* Begin PBXResourcesBuildPhase section */
		8791FCF31ED7DEE500DD2950 /* Resources */ = {
			isa = PBXResourcesBuildPhase;
			buildActionMask = 2147483647;
			files = (
				8791FD031ED7DEE500DD2950 /* LaunchScreen.storyboard in Resources */,
				8791FD001ED7DEE500DD2950 /* Assets.xcassets in Resources */,
				8791FCFE1ED7DEE500DD2950 /* Main.storyboard in Resources */,
			);
			runOnlyForDeploymentPostprocessing = 0;
		};
/* End PBXResourcesBuildPhase section */

/* Begin PBXSourcesBuildPhase section */
		8791FCF11ED7DEE500DD2950 /* Sources */ = {
			isa = PBXSourcesBuildPhase;
			buildActionMask = 2147483647;
			files = (
				8791FCFB1ED7DEE500DD2950 /* ViewController.swift in Sources */,
				8791FCF91ED7DEE500DD2950 /* AppDelegate.swift in Sources */,
			);
			runOnlyForDeploymentPostprocessing = 0;
		};
/* End PBXSourcesBuildPhase section */

/* Begin PBXVariantGroup section */
		8791FCFC1ED7DEE500DD2950 /* Main.storyboard */ = {
			isa = PBXVariantGroup;
			children = (
				8791FCFD1ED7DEE500DD2950 /* Base */,
			);
			name = Main.storyboard;
			sourceTree = "<group>";
		};
		8791FD011ED7DEE500DD2950 /* LaunchScreen.storyboard */ = {
			isa = PBXVariantGroup;
			children = (
				8791FD021ED7DEE500DD2950 /* Base */,
			);
			name = LaunchScreen.storyboard;
			sourceTree = "<group>";
		};
/* End PBXVariantGroup section */

/* Begin XCBuildConfiguration section */
		8791FD051ED7DEE600DD2950 /* Debug */ = {
			isa = XCBuildConfiguration;
			buildSettings = {
				ALWAYS_SEARCH_USER_PATHS = NO;
				CLANG_ANALYZER_NONNULL = YES;
				CLANG_ANALYZER_NUMBER_OBJECT_CONVERSION = YES_AGGRESSIVE;
				CLANG_CXX_LANGUAGE_STANDARD = "gnu++0x";
				CLANG_CXX_LIBRARY = "libc++";
				CLANG_ENABLE_MODULES = YES;
				CLANG_ENABLE_OBJC_ARC = YES;
				CLANG_WARN_BOOL_CONVERSION = YES;
				CLANG_WARN_CONSTANT_CONVERSION = YES;
				CLANG_WARN_DIRECT_OBJC_ISA_USAGE = YES_ERROR;
				CLANG_WARN_DOCUMENTATION_COMMENTS = YES;
				CLANG_WARN_EMPTY_BODY = YES;
				CLANG_WARN_ENUM_CONVERSION = YES;
				CLANG_WARN_INFINITE_RECURSION = YES;
				CLANG_WARN_INT_CONVERSION = YES;
				CLANG_WARN_OBJC_ROOT_CLASS = YES_ERROR;
				CLANG_WARN_SUSPICIOUS_MOVE = YES;
				CLANG_WARN_UNREACHABLE_CODE = YES;
				CLANG_WARN__DUPLICATE_METHOD_MATCH = YES;
				"CODE_SIGN_IDENTITY[sdk=iphoneos*]" = "iPhone Developer";
				COPY_PHASE_STRIP = NO;
				DEBUG_INFORMATION_FORMAT = dwarf;
				ENABLE_STRICT_OBJC_MSGSEND = YES;
				ENABLE_TESTABILITY = YES;
				GCC_C_LANGUAGE_STANDARD = gnu99;
				GCC_DYNAMIC_NO_PIC = NO;
				GCC_NO_COMMON_BLOCKS = YES;
				GCC_OPTIMIZATION_LEVEL = 0;
				GCC_PREPROCESSOR_DEFINITIONS = (
					"DEBUG=1",
					"$(inherited)",
				);
				GCC_WARN_64_TO_32_BIT_CONVERSION = YES;
				GCC_WARN_ABOUT_RETURN_TYPE = YES_ERROR;
				GCC_WARN_UNDECLARED_SELECTOR = YES;
				GCC_WARN_UNINITIALIZED_AUTOS = YES_AGGRESSIVE;
				GCC_WARN_UNUSED_FUNCTION = YES;
				GCC_WARN_UNUSED_VARIABLE = YES;
				IPHONEOS_DEPLOYMENT_TARGET = 10.3;
				MTL_ENABLE_DEBUG_INFO = YES;
				ONLY_ACTIVE_ARCH = YES;
				SDKROOT = iphoneos;
				SWIFT_ACTIVE_COMPILATION_CONDITIONS = DEBUG;
				SWIFT_OPTIMIZATION_LEVEL = "-Onone";
			};
			name = Debug;
		};
		8791FD061ED7DEE600DD2950 /* Release */ = {
			isa = XCBuildConfiguration;
			buildSettings = {
				ALWAYS_SEARCH_USER_PATHS = NO;
				CLANG_ANALYZER_NONNULL = YES;
				CLANG_ANALYZER_NUMBER_OBJECT_CONVERSION = YES_AGGRESSIVE;
				CLANG_CXX_LANGUAGE_STANDARD = "gnu++0x";
				CLANG_CXX_LIBRARY = "libc++";
				CLANG_ENABLE_MODULES = YES;
				CLANG_ENABLE_OBJC_ARC = YES;
				CLANG_WARN_BOOL_CONVERSION = YES;
				CLANG_WARN_CONSTANT_CONVERSION = YES;
				CLANG_WARN_DIRECT_OBJC_ISA_USAGE = YES_ERROR;
				CLANG_WARN_DOCUMENTATION_COMMENTS = YES;
				CLANG_WARN_EMPTY_BODY = YES;
				CLANG_WARN_ENUM_CONVERSION = YES;
				CLANG_WARN_INFINITE_RECURSION = YES;
				CLANG_WARN_INT_CONVERSION = YES;
				CLANG_WARN_OBJC_ROOT_CLASS = YES_ERROR;
				CLANG_WARN_SUSPICIOUS_MOVE = YES;
				CLANG_WARN_UNREACHABLE_CODE = YES;
				CLANG_WARN__DUPLICATE_METHOD_MATCH = YES;
				"CODE_SIGN_IDENTITY[sdk=iphoneos*]" = "iPhone Developer";
				COPY_PHASE_STRIP = NO;
				DEBUG_INFORMATION_FORMAT = "dwarf-with-dsym";
				ENABLE_NS_ASSERTIONS = NO;
				ENABLE_STRICT_OBJC_MSGSEND = YES;
				GCC_C_LANGUAGE_STANDARD = gnu99;
				GCC_NO_COMMON_BLOCKS = YES;
				GCC_WARN_64_TO_32_BIT_CONVERSION = YES;
				GCC_WARN_ABOUT_RETURN_TYPE = YES_ERROR;
				GCC_WARN_UNDECLARED_SELECTOR = YES;
				GCC_WARN_UNINITIALIZED_AUTOS = YES_AGGRESSIVE;
				GCC_WARN_UNUSED_FUNCTION = YES;
				GCC_WARN_UNUSED_VARIABLE = YES;
				IPHONEOS_DEPLOYMENT_TARGET = 10.3;
				MTL_ENABLE_DEBUG_INFO = NO;
				SDKROOT = iphoneos;
				SWIFT_OPTIMIZATION_LEVEL = "-Owholemodule";
				VALIDATE_PRODUCT = YES;
			};
			name = Release;
		};
		8791FD081ED7DEE600DD2950 /* Debug */ = {
			isa = XCBuildConfiguration;
			buildSettings = {
				ASSETCATALOG_COMPILER_APPICON_NAME = AppIcon;
				INFOPLIST_FILE = JsonParsing/Info.plist;
				LD_RUNPATH_SEARCH_PATHS = "$(inherited) @executable_path/Frameworks";
				PRODUCT_BUNDLE_IDENTIFIER = com.codekul.JsonParsing;
				PRODUCT_NAME = "$(TARGET_NAME)";
				SWIFT_VERSION = 3.0;
			};
			name = Debug;
		};
		8791FD091ED7DEE600DD2950 /* Release */ = {
			isa = XCBuildConfiguration;
			buildSettings = {
				ASSETCATALOG_COMPILER_APPICON_NAME = AppIcon;
				INFOPLIST_FILE = JsonParsing/Info.plist;
				LD_RUNPATH_SEARCH_PATHS = "$(inherited) @executable_path/Frameworks";
				PRODUCT_BUNDLE_IDENTIFIER = com.codekul.JsonParsing;
				PRODUCT_NAME = "$(TARGET_NAME)";
				SWIFT_VERSION = 3.0;
			};
			name = Release;
		};
/* End XCBuildConfiguration section */

/* Begin XCConfigurationList section */
		8791FCF01ED7DEE500DD2950 /* Build configuration list for PBXProject "JsonParsing" */ = {
			isa = XCConfigurationList;
			buildConfigurations = (
				8791FD051ED7DEE600DD2950 /* Debug */,
				8791FD061ED7DEE600DD2950 /* Release */,
			);
			defaultConfigurationIsVisible = 0;
			defaultConfigurationName = Release;
		};
		8791FD071ED7DEE600DD2950 /* Build configuration list for PBXNativeTarget "JsonParsing" */ = {
			isa = XCConfigurationList;
			buildConfigurations = (
				8791FD081ED7DEE600DD2950 /* Debug */,
				8791FD091ED7DEE600DD2950 /* Release */,
			);
			defaultConfigurationIsVisible = 0;
		};
/* End XCConfigurationList section */
	};
	rootObject = 8791FCED1ED7DEE500DD2950 /* Project object */;
}
