// !$*UTF8*$!
{
	archiveVersion = 1;
	classes = {
	};
	objectVersion = 46;
	objects = {

/* Begin PBXBuildFile section */
		8723A0C61ED833E400B90141 /* AppDelegate.swift in Sources */ = {isa = PBXBuildFile; fileRef = 8723A0C51ED833E400B90141 /* AppDelegate.swift */; };
		8723A0C81ED833E400B90141 /* ViewController.swift in Sources */ = {isa = PBXBuildFile; fileRef = 8723A0C71ED833E400B90141 /* ViewController.swift */; };
		8723A0CB1ED833E400B90141 /* Main.storyboard in Resources */ = {isa = PBXBuildFile; fileRef = 8723A0C91ED833E400B90141 /* Main.storyboard */; };
		8723A0CE1ED833E400B90141 /* coreDataRelationshipUpdate.xcdatamodeld in Sources */ = {isa = PBXBuildFile; fileRef = 8723A0CC1ED833E400B90141 /* coreDataRelationshipUpdate.xcdatamodeld */; };
		8723A0D01ED833E400B90141 /* Assets.xcassets in Resources */ = {isa = PBXBuildFile; fileRef = 8723A0CF1ED833E400B90141 /* Assets.xcassets */; };
		8723A0D31ED833E500B90141 /* LaunchScreen.storyboard in Resources */ = {isa = PBXBuildFile; fileRef = 8723A0D11ED833E500B90141 /* LaunchScreen.storyboard */; };
		8723A0EB1ED83A9A00B90141 /* User+CoreDataClass.swift in Sources */ = {isa = PBXBuildFile; fileRef = 8723A0E71ED83A9A00B90141 /* User+CoreDataClass.swift */; };
		8723A0EC1ED83A9A00B90141 /* User+CoreDataProperties.swift in Sources */ = {isa = PBXBuildFile; fileRef = 8723A0E81ED83A9A00B90141 /* User+CoreDataProperties.swift */; };
		8723A0ED1ED83A9A00B90141 /* Address+CoreDataClass.swift in Sources */ = {isa = PBXBuildFile; fileRef = 8723A0E91ED83A9A00B90141 /* Address+CoreDataClass.swift */; };
		8723A0EE1ED83A9A00B90141 /* Address+CoreDataProperties.swift in Sources */ = {isa = PBXBuildFile; fileRef = 8723A0EA1ED83A9A00B90141 /* Address+CoreDataProperties.swift */; };
/* End PBXBuildFile section */

/* Begin PBXFileReference section */
		8723A0C21ED833E400B90141 /* coreDataRelationshipUpdate.app */ = {isa = PBXFileReference; explicitFileType = wrapper.application; includeInIndex = 0; path = coreDataRelationshipUpdate.app; sourceTree = BUILT_PRODUCTS_DIR; };
		8723A0C51ED833E400B90141 /* AppDelegate.swift */ = {isa = PBXFileReference; lastKnownFileType = sourcecode.swift; path = AppDelegate.swift; sourceTree = "<group>"; };
		8723A0C71ED833E400B90141 /* ViewController.swift */ = {isa = PBXFileReference; lastKnownFileType = sourcecode.swift; path = ViewController.swift; sourceTree = "<group>"; };
		8723A0CA1ED833E400B90141 /* Base */ = {isa = PBXFileReference; lastKnownFileType = file.storyboard; name = Base; path = Base.lproj/Main.storyboard; sourceTree = "<group>"; };
		8723A0CD1ED833E400B90141 /* coreDataRelationshipUpdate.xcdatamodel */ = {isa = PBXFileReference; lastKnownFileType = wrapper.xcdatamodel; path = coreDataRelationshipUpdate.xcdatamodel; sourceTree = "<group>"; };
		8723A0CF1ED833E400B90141 /* Assets.xcassets */ = {isa = PBXFileReference; lastKnownFileType = folder.assetcatalog; path = Assets.xcassets; sourceTree = "<group>"; };
		8723A0D21ED833E500B90141 /* Base */ = {isa = PBXFileReference; lastKnownFileType = file.storyboard; name = Base; path = Base.lproj/LaunchScreen.storyboard; sourceTree = "<group>"; };
		8723A0D41ED833E500B90141 /* Info.plist */ = {isa = PBXFileReference; lastKnownFileType = text.plist.xml; path = Info.plist; sourceTree = "<group>"; };
		8723A0E71ED83A9A00B90141 /* User+CoreDataClass.swift */ = {isa = PBXFileReference; fileEncoding = 4; lastKnownFileType = sourcecode.swift; name = "User+CoreDataClass.swift"; path = "coreDataRelationshipUpdate/User+CoreDataClass.swift"; sourceTree = "<group>"; };
		8723A0E81ED83A9A00B90141 /* User+CoreDataProperties.swift */ = {isa = PBXFileReference; fileEncoding = 4; lastKnownFileType = sourcecode.swift; name = "User+CoreDataProperties.swift"; path = "coreDataRelationshipUpdate/User+CoreDataProperties.swift"; sourceTree = "<group>"; };
		8723A0E91ED83A9A00B90141 /* Address+CoreDataClass.swift */ = {isa = PBXFileReference; fileEncoding = 4; lastKnownFileType = sourcecode.swift; name = "Address+CoreDataClass.swift"; path = "coreDataRelationshipUpdate/Address+CoreDataClass.swift"; sourceTree = "<group>"; };
		8723A0EA1ED83A9A00B90141 /* Address+CoreDataProperties.swift */ = {isa = PBXFileReference; fileEncoding = 4; lastKnownFileType = sourcecode.swift; name = "Address+CoreDataProperties.swift"; path = "coreDataRelationshipUpdate/Address+CoreDataProperties.swift"; sourceTree = "<group>"; };
/* End PBXFileReference section */

/* Begin PBXFrameworksBuildPhase section */
		8723A0BF1ED833E400B90141 /* Frameworks */ = {
			isa = PBXFrameworksBuildPhase;
			buildActionMask = 2147483647;
			files = (
			);
			runOnlyForDeploymentPostprocessing = 0;
		};
/* End PBXFrameworksBuildPhase section */

/* Begin PBXGroup section */
		8723A0B91ED833E400B90141 = {
			isa = PBXGroup;
			children = (
				8723A0C41ED833E400B90141 /* coreDataRelationshipUpdate */,
				8723A0C31ED833E400B90141 /* Products */,
			);
			sourceTree = "<group>";
		};
		8723A0C31ED833E400B90141 /* Products */ = {
			isa = PBXGroup;
			children = (
				8723A0C21ED833E400B90141 /* coreDataRelationshipUpdate.app */,
			);
			name = Products;
			sourceTree = "<group>";
		};
		8723A0C41ED833E400B90141 /* coreDataRelationshipUpdate */ = {
			isa = PBXGroup;
			children = (
				8723A0EF1ED83B3600B90141 /* modules */,
				8723A0C51ED833E400B90141 /* AppDelegate.swift */,
				8723A0C71ED833E400B90141 /* ViewController.swift */,
				8723A0C91ED833E400B90141 /* Main.storyboard */,
				8723A0CF1ED833E400B90141 /* Assets.xcassets */,
				8723A0D11ED833E500B90141 /* LaunchScreen.storyboard */,
				8723A0D41ED833E500B90141 /* Info.plist */,
				8723A0CC1ED833E400B90141 /* coreDataRelationshipUpdate.xcdatamodeld */,
			);
			path = coreDataRelationshipUpdate;
			sourceTree = "<group>";
		};
		8723A0EF1ED83B3600B90141 /* modules */ = {
			isa = PBXGroup;
			children = (
				8723A0E71ED83A9A00B90141 /* User+CoreDataClass.swift */,
				8723A0E81ED83A9A00B90141 /* User+CoreDataProperties.swift */,
				8723A0E91ED83A9A00B90141 /* Address+CoreDataClass.swift */,
				8723A0EA1ED83A9A00B90141 /* Address+CoreDataProperties.swift */,
			);
			name = modules;
			path = ..;
			sourceTree = "<group>";
		};
/* End PBXGroup section */

/* Begin PBXNativeTarget section */
		8723A0C11ED833E400B90141 /* coreDataRelationshipUpdate */ = {
			isa = PBXNativeTarget;
			buildConfigurationList = 8723A0D71ED833E500B90141 /* Build configuration list for PBXNativeTarget "coreDataRelationshipUpdate" */;
			buildPhases = (
				8723A0BE1ED833E400B90141 /* Sources */,
				8723A0BF1ED833E400B90141 /* Frameworks */,
				8723A0C01ED833E400B90141 /* Resources */,
			);
			buildRules = (
			);
			dependencies = (
			);
			name = coreDataRelationshipUpdate;
			productName = coreDataRelationshipUpdate;
			productReference = 8723A0C21ED833E400B90141 /* coreDataRelationshipUpdate.app */;
			productType = "com.apple.product-type.application";
		};
/* End PBXNativeTarget section */

/* Begin PBXProject section */
		8723A0BA1ED833E400B90141 /* Project object */ = {
			isa = PBXProject;
			attributes = {
				LastSwiftUpdateCheck = 0830;
				LastUpgradeCheck = 0830;
				ORGANIZATIONNAME = CodeKul;
				TargetAttributes = {
					8723A0C11ED833E400B90141 = {
						CreatedOnToolsVersion = 8.3;
						ProvisioningStyle = Automatic;
					};
				};
			};
			buildConfigurationList = 8723A0BD1ED833E400B90141 /* Build configuration list for PBXProject "coreDataRelationshipUpdate" */;
			compatibilityVersion = "Xcode 3.2";
			developmentRegion = English;
			hasScannedForEncodings = 0;
			knownRegions = (
				en,
				Base,
			);
			mainGroup = 8723A0B91ED833E400B90141;
			productRefGroup = 8723A0C31ED833E400B90141 /* Products */;
			projectDirPath = "";
			projectRoot = "";
			targets = (
				8723A0C11ED833E400B90141 /* coreDataRelationshipUpdate */,
			);
		};
/* End PBXProject section */

/* Begin PBXResourcesBuildPhase section */
		8723A0C01ED833E400B90141 /* Resources */ = {
			isa = PBXResourcesBuildPhase;
			buildActionMask = 2147483647;
			files = (
				8723A0D31ED833E500B90141 /* LaunchScreen.storyboard in Resources */,
				8723A0D01ED833E400B90141 /* Assets.xcassets in Resources */,
				8723A0CB1ED833E400B90141 /* Main.storyboard in Resources */,
			);
			runOnlyForDeploymentPostprocessing = 0;
		};
/* End PBXResourcesBuildPhase section */

/* Begin PBXSourcesBuildPhase section */
		8723A0BE1ED833E400B90141 /* Sources */ = {
			isa = PBXSourcesBuildPhase;
			buildActionMask = 2147483647;
			files = (
				8723A0C81ED833E400B90141 /* ViewController.swift in Sources */,
				8723A0CE1ED833E400B90141 /* coreDataRelationshipUpdate.xcdatamodeld in Sources */,
				8723A0EB1ED83A9A00B90141 /* User+CoreDataClass.swift in Sources */,
				8723A0EE1ED83A9A00B90141 /* Address+CoreDataProperties.swift in Sources */,
				8723A0EC1ED83A9A00B90141 /* User+CoreDataProperties.swift in Sources */,
				8723A0ED1ED83A9A00B90141 /* Address+CoreDataClass.swift in Sources */,
				8723A0C61ED833E400B90141 /* AppDelegate.swift in Sources */,
			);
			runOnlyForDeploymentPostprocessing = 0;
		};
/* End PBXSourcesBuildPhase section */

/* Begin PBXVariantGroup section */
		8723A0C91ED833E400B90141 /* Main.storyboard */ = {
			isa = PBXVariantGroup;
			children = (
				8723A0CA1ED833E400B90141 /* Base */,
			);
			name = Main.storyboard;
			sourceTree = "<group>";
		};
		8723A0D11ED833E500B90141 /* LaunchScreen.storyboard */ = {
			isa = PBXVariantGroup;
			children = (
				8723A0D21ED833E500B90141 /* Base */,
			);
			name = LaunchScreen.storyboard;
			sourceTree = "<group>";
		};
/* End PBXVariantGroup section */

/* Begin XCBuildConfiguration section */
		8723A0D51ED833E500B90141 /* Debug */ = {
			isa = XCBuildConfiguration;
			buildSettings = {
				ALWAYS_SEARCH_USER_PATHS = NO;
				CLANG_ANALYZER_NONNULL = YES;
				CLANG_ANALYZER_NUMBER_OBJECT_CONVERSION = YES_AGGRESSIVE;
				CLANG_CXX_LANGUAGE_STANDARD = "gnu++0x";
				CLANG_CXX_LIBRARY = "libc++";
				CLANG_ENABLE_MODULES = YES;
				CLANG_ENABLE_OBJC_ARC = YES;
				CLANG_WARN_BOOL_CONVERSION = YES;
				CLANG_WARN_CONSTANT_CONVERSION = YES;
				CLANG_WARN_DIRECT_OBJC_ISA_USAGE = YES_ERROR;
				CLANG_WARN_DOCUMENTATION_COMMENTS = YES;
				CLANG_WARN_EMPTY_BODY = YES;
				CLANG_WARN_ENUM_CONVERSION = YES;
				CLANG_WARN_INFINITE_RECURSION = YES;
				CLANG_WARN_INT_CONVERSION = YES;
				CLANG_WARN_OBJC_ROOT_CLASS = YES_ERROR;
				CLANG_WARN_SUSPICIOUS_MOVE = YES;
				CLANG_WARN_UNREACHABLE_CODE = YES;
				CLANG_WARN__DUPLICATE_METHOD_MATCH = YES;
				"CODE_SIGN_IDENTITY[sdk=iphoneos*]" = "iPhone Developer";
				COPY_PHASE_STRIP = NO;
				DEBUG_INFORMATION_FORMAT = dwarf;
				ENABLE_STRICT_OBJC_MSGSEND = YES;
				ENABLE_TESTABILITY = YES;
				GCC_C_LANGUAGE_STANDARD = gnu99;
				GCC_DYNAMIC_NO_PIC = NO;
				GCC_NO_COMMON_BLOCKS = YES;
				GCC_OPTIMIZATION_LEVEL = 0;
				GCC_PREPROCESSOR_DEFINITIONS = (
					"DEBUG=1",
					"$(inherited)",
				);
				GCC_WARN_64_TO_32_BIT_CONVERSION = YES;
				GCC_WARN_ABOUT_RETURN_TYPE = YES_ERROR;
				GCC_WARN_UNDECLARED_SELECTOR = YES;
				GCC_WARN_UNINITIALIZED_AUTOS = YES_AGGRESSIVE;
				GCC_WARN_UNUSED_FUNCTION = YES;
				GCC_WARN_UNUSED_VARIABLE = YES;
				IPHONEOS_DEPLOYMENT_TARGET = 10.3;
				MTL_ENABLE_DEBUG_INFO = YES;
				ONLY_ACTIVE_ARCH = YES;
				SDKROOT = iphoneos;
				SWIFT_ACTIVE_COMPILATION_CONDITIONS = DEBUG;
				SWIFT_OPTIMIZATION_LEVEL = "-Onone";
			};
			name = Debug;
		};
		8723A0D61ED833E500B90141 /* Release */ = {
			isa = XCBuildConfiguration;
			buildSettings = {
				ALWAYS_SEARCH_USER_PATHS = NO;
				CLANG_ANALYZER_NONNULL = YES;
				CLANG_ANALYZER_NUMBER_OBJECT_CONVERSION = YES_AGGRESSIVE;
				CLANG_CXX_LANGUAGE_STANDARD = "gnu++0x";
				CLANG_CXX_LIBRARY = "libc++";
				CLANG_ENABLE_MODULES = YES;
				CLANG_ENABLE_OBJC_ARC = YES;
				CLANG_WARN_BOOL_CONVERSION = YES;
				CLANG_WARN_CONSTANT_CONVERSION = YES;
				CLANG_WARN_DIRECT_OBJC_ISA_USAGE = YES_ERROR;
				CLANG_WARN_DOCUMENTATION_COMMENTS = YES;
				CLANG_WARN_EMPTY_BODY = YES;
				CLANG_WARN_ENUM_CONVERSION = YES;
				CLANG_WARN_INFINITE_RECURSION = YES;
				CLANG_WARN_INT_CONVERSION = YES;
				CLANG_WARN_OBJC_ROOT_CLASS = YES_ERROR;
				CLANG_WARN_SUSPICIOUS_MOVE = YES;
				CLANG_WARN_UNREACHABLE_CODE = YES;
				CLANG_WARN__DUPLICATE_METHOD_MATCH = YES;
				"CODE_SIGN_IDENTITY[sdk=iphoneos*]" = "iPhone Developer";
				COPY_PHASE_STRIP = NO;
				DEBUG_INFORMATION_FORMAT = "dwarf-with-dsym";
				ENABLE_NS_ASSERTIONS = NO;
				ENABLE_STRICT_OBJC_MSGSEND = YES;
				GCC_C_LANGUAGE_STANDARD = gnu99;
				GCC_NO_COMMON_BLOCKS = YES;
				GCC_WARN_64_TO_32_BIT_CONVERSION = YES;
				GCC_WARN_ABOUT_RETURN_TYPE = YES_ERROR;
				GCC_WARN_UNDECLARED_SELECTOR = YES;
				GCC_WARN_UNINITIALIZED_AUTOS = YES_AGGRESSIVE;
				GCC_WARN_UNUSED_FUNCTION = YES;
				GCC_WARN_UNUSED_VARIABLE = YES;
				IPHONEOS_DEPLOYMENT_TARGET = 10.3;
				MTL_ENABLE_DEBUG_INFO = NO;
				SDKROOT = iphoneos;
				SWIFT_OPTIMIZATION_LEVEL = "-Owholemodule";
				VALIDATE_PRODUCT = YES;
			};
			name = Release;
		};
		8723A0D81ED833E500B90141 /* Debug */ = {
			isa = XCBuildConfiguration;
			buildSettings = {
				ASSETCATALOG_COMPILER_APPICON_NAME = AppIcon;
				INFOPLIST_FILE = coreDataRelationshipUpdate/Info.plist;
				LD_RUNPATH_SEARCH_PATHS = "$(inherited) @executable_path/Frameworks";
				PRODUCT_BUNDLE_IDENTIFIER = com.codekul.coreDataRelationshipUpdate;
				PRODUCT_NAME = "$(TARGET_NAME)";
				SWIFT_VERSION = 3.0;
			};
			name = Debug;
		};
		8723A0D91ED833E500B90141 /* Release */ = {
			isa = XCBuildConfiguration;
			buildSettings = {
				ASSETCATALOG_COMPILER_APPICON_NAME = AppIcon;
				INFOPLIST_FILE = coreDataRelationshipUpdate/Info.plist;
				LD_RUNPATH_SEARCH_PATHS = "$(inherited) @executable_path/Frameworks";
				PRODUCT_BUNDLE_IDENTIFIER = com.codekul.coreDataRelationshipUpdate;
				PRODUCT_NAME = "$(TARGET_NAME)";
				SWIFT_VERSION = 3.0;
			};
			name = Release;
		};
/* End XCBuildConfiguration section */

/* Begin XCConfigurationList section */
		8723A0BD1ED833E400B90141 /* Build configuration list for PBXProject "coreDataRelationshipUpdate" */ = {
			isa = XCConfigurationList;
			buildConfigurations = (
				8723A0D51ED833E500B90141 /* Debug */,
				8723A0D61ED833E500B90141 /* Release */,
			);
			defaultConfigurationIsVisible = 0;
			defaultConfigurationName = Release;
		};
		8723A0D71ED833E500B90141 /* Build configuration list for PBXNativeTarget "coreDataRelationshipUpdate" */ = {
			isa = XCConfigurationList;
			buildConfigurations = (
				8723A0D81ED833E500B90141 /* Debug */,
				8723A0D91ED833E500B90141 /* Release */,
			);
			defaultConfigurationIsVisible = 0;
		};
/* End XCConfigurationList section */

/* Begin XCVersionGroup section */
		8723A0CC1ED833E400B90141 /* coreDataRelationshipUpdate.xcdatamodeld */ = {
			isa = XCVersionGroup;
			children = (
				8723A0CD1ED833E400B90141 /* coreDataRelationshipUpdate.xcdatamodel */,
			);
			currentVersion = 8723A0CD1ED833E400B90141 /* coreDataRelationshipUpdate.xcdatamodel */;
			path = coreDataRelationshipUpdate.xcdatamodeld;
			sourceTree = "<group>";
			versionGroupType = wrapper.xcdatamodel;
		};
/* End XCVersionGroup section */
	};
	rootObject = 8723A0BA1ED833E400B90141 /* Project object */;
}
