// !$*UTF8*$!
{
	archiveVersion = 1;
	classes = {
	};
	objectVersion = 46;
	objects = {

/* Begin PBXBuildFile section */
		8B304F2D1E9F247D0034B8FF /* AppDelegate.swift in Sources */ = {isa = PBXBuildFile; fileRef = 8B304F2C1E9F247D0034B8FF /* AppDelegate.swift */; };
		8B304F2F1E9F247D0034B8FF /* ViewController.swift in Sources */ = {isa = PBXBuildFile; fileRef = 8B304F2E1E9F247D0034B8FF /* ViewController.swift */; };
		8B304F321E9F247D0034B8FF /* Main.storyboard in Resources */ = {isa = PBXBuildFile; fileRef = 8B304F301E9F247D0034B8FF /* Main.storyboard */; };
		8B304F341E9F247D0034B8FF /* Assets.xcassets in Resources */ = {isa = PBXBuildFile; fileRef = 8B304F331E9F247D0034B8FF /* Assets.xcassets */; };
		8B304F371E9F247D0034B8FF /* LaunchScreen.storyboard in Resources */ = {isa = PBXBuildFile; fileRef = 8B304F351E9F247D0034B8FF /* LaunchScreen.storyboard */; };
/* End PBXBuildFile section */

/* Begin PBXFileReference section */
		8B304F291E9F247D0034B8FF /* BasicControls.app */ = {isa = PBXFileReference; explicitFileType = wrapper.application; includeInIndex = 0; path = BasicControls.app; sourceTree = BUILT_PRODUCTS_DIR; };
		8B304F2C1E9F247D0034B8FF /* AppDelegate.swift */ = {isa = PBXFileReference; lastKnownFileType = sourcecode.swift; path = AppDelegate.swift; sourceTree = "<group>"; };
		8B304F2E1E9F247D0034B8FF /* ViewController.swift */ = {isa = PBXFileReference; lastKnownFileType = sourcecode.swift; path = ViewController.swift; sourceTree = "<group>"; };
		8B304F311E9F247D0034B8FF /* Base */ = {isa = PBXFileReference; lastKnownFileType = file.storyboard; name = Base; path = Base.lproj/Main.storyboard; sourceTree = "<group>"; };
		8B304F331E9F247D0034B8FF /* Assets.xcassets */ = {isa = PBXFileReference; lastKnownFileType = folder.assetcatalog; path = Assets.xcassets; sourceTree = "<group>"; };
		8B304F361E9F247D0034B8FF /* Base */ = {isa = PBXFileReference; lastKnownFileType = file.storyboard; name = Base; path = Base.lproj/LaunchScreen.storyboard; sourceTree = "<group>"; };
		8B304F381E9F247D0034B8FF /* Info.plist */ = {isa = PBXFileReference; lastKnownFileType = text.plist.xml; path = Info.plist; sourceTree = "<group>"; };
/* End PBXFileReference section */

/* Begin PBXFrameworksBuildPhase section */
		8B304F261E9F247C0034B8FF /* Frameworks */ = {
			isa = PBXFrameworksBuildPhase;
			buildActionMask = 2147483647;
			files = (
			);
			runOnlyForDeploymentPostprocessing = 0;
		};
/* End PBXFrameworksBuildPhase section */

/* Begin PBXGroup section */
		8B304F201E9F247C0034B8FF = {
			isa = PBXGroup;
			children = (
				8B304F2B1E9F247D0034B8FF /* BasicControls */,
				8B304F2A1E9F247D0034B8FF /* Products */,
			);
			sourceTree = "<group>";
		};
		8B304F2A1E9F247D0034B8FF /* Products */ = {
			isa = PBXGroup;
			children = (
				8B304F291E9F247D0034B8FF /* BasicControls.app */,
			);
			name = Products;
			sourceTree = "<group>";
		};
		8B304F2B1E9F247D0034B8FF /* BasicControls */ = {
			isa = PBXGroup;
			children = (
				8B304F2C1E9F247D0034B8FF /* AppDelegate.swift */,
				8B304F2E1E9F247D0034B8FF /* ViewController.swift */,
				8B304F301E9F247D0034B8FF /* Main.storyboard */,
				8B304F331E9F247D0034B8FF /* Assets.xcassets */,
				8B304F351E9F247D0034B8FF /* LaunchScreen.storyboard */,
				8B304F381E9F247D0034B8FF /* Info.plist */,
			);
			path = BasicControls;
			sourceTree = "<group>";
		};
/* End PBXGroup section */

/* Begin PBXNativeTarget section */
		8B304F281E9F247C0034B8FF /* BasicControls */ = {
			isa = PBXNativeTarget;
			buildConfigurationList = 8B304F3B1E9F247D0034B8FF /* Build configuration list for PBXNativeTarget "BasicControls" */;
			buildPhases = (
				8B304F251E9F247C0034B8FF /* Sources */,
				8B304F261E9F247C0034B8FF /* Frameworks */,
				8B304F271E9F247C0034B8FF /* Resources */,
			);
			buildRules = (
			);
			dependencies = (
			);
			name = BasicControls;
			productName = BasicControls;
			productReference = 8B304F291E9F247D0034B8FF /* BasicControls.app */;
			productType = "com.apple.product-type.application";
		};
/* End PBXNativeTarget section */

/* Begin PBXProject section */
		8B304F211E9F247C0034B8FF /* Project object */ = {
			isa = PBXProject;
			attributes = {
				LastSwiftUpdateCheck = 0820;
				LastUpgradeCheck = 0820;
				ORGANIZATIONNAME = CodeKul;
				TargetAttributes = {
					8B304F281E9F247C0034B8FF = {
						CreatedOnToolsVersion = 8.2.1;
						ProvisioningStyle = Automatic;
					};
				};
			};
			buildConfigurationList = 8B304F241E9F247C0034B8FF /* Build configuration list for PBXProject "BasicControls" */;
			compatibilityVersion = "Xcode 3.2";
			developmentRegion = English;
			hasScannedForEncodings = 0;
			knownRegions = (
				en,
				Base,
			);
			mainGroup = 8B304F201E9F247C0034B8FF;
			productRefGroup = 8B304F2A1E9F247D0034B8FF /* Products */;
			projectDirPath = "";
			projectRoot = "";
			targets = (
				8B304F281E9F247C0034B8FF /* BasicControls */,
			);
		};
/* End PBXProject section */

/* Begin PBXResourcesBuildPhase section */
		8B304F271E9F247C0034B8FF /* Resources */ = {
			isa = PBXResourcesBuildPhase;
			buildActionMask = 2147483647;
			files = (
				8B304F371E9F247D0034B8FF /* LaunchScreen.storyboard in Resources */,
				8B304F341E9F247D0034B8FF /* Assets.xcassets in Resources */,
				8B304F321E9F247D0034B8FF /* Main.storyboard in Resources */,
			);
			runOnlyForDeploymentPostprocessing = 0;
		};
/* End PBXResourcesBuildPhase section */

/* Begin PBXSourcesBuildPhase section */
		8B304F251E9F247C0034B8FF /* Sources */ = {
			isa = PBXSourcesBuildPhase;
			buildActionMask = 2147483647;
			files = (
				8B304F2F1E9F247D0034B8FF /* ViewController.swift in Sources */,
				8B304F2D1E9F247D0034B8FF /* AppDelegate.swift in Sources */,
			);
			runOnlyForDeploymentPostprocessing = 0;
		};
/* End PBXSourcesBuildPhase section */

/* Begin PBXVariantGroup section */
		8B304F301E9F247D0034B8FF /* Main.storyboard */ = {
			isa = PBXVariantGroup;
			children = (
				8B304F311E9F247D0034B8FF /* Base */,
			);
			name = Main.storyboard;
			sourceTree = "<group>";
		};
		8B304F351E9F247D0034B8FF /* LaunchScreen.storyboard */ = {
			isa = PBXVariantGroup;
			children = (
				8B304F361E9F247D0034B8FF /* Base */,
			);
			name = LaunchScreen.storyboard;
			sourceTree = "<group>";
		};
/* End PBXVariantGroup section */

/* Begin XCBuildConfiguration section */
		8B304F391E9F247D0034B8FF /* Debug */ = {
			isa = XCBuildConfiguration;
			buildSettings = {
				ALWAYS_SEARCH_USER_PATHS = NO;
				CLANG_ANALYZER_NONNULL = YES;
				CLANG_CXX_LANGUAGE_STANDARD = "gnu++0x";
				CLANG_CXX_LIBRARY = "libc++";
				CLANG_ENABLE_MODULES = YES;
				CLANG_ENABLE_OBJC_ARC = YES;
				CLANG_WARN_BOOL_CONVERSION = YES;
				CLANG_WARN_CONSTANT_CONVERSION = YES;
				CLANG_WARN_DIRECT_OBJC_ISA_USAGE = YES_ERROR;
				CLANG_WARN_DOCUMENTATION_COMMENTS = YES;
				CLANG_WARN_EMPTY_BODY = YES;
				CLANG_WARN_ENUM_CONVERSION = YES;
				CLANG_WARN_INFINITE_RECURSION = YES;
				CLANG_WARN_INT_CONVERSION = YES;
				CLANG_WARN_OBJC_ROOT_CLASS = YES_ERROR;
				CLANG_WARN_SUSPICIOUS_MOVE = YES;
				CLANG_WARN_UNREACHABLE_CODE = YES;
				CLANG_WARN__DUPLICATE_METHOD_MATCH = YES;
				"CODE_SIGN_IDENTITY[sdk=iphoneos*]" = "iPhone Developer";
				COPY_PHASE_STRIP = NO;
				DEBUG_INFORMATION_FORMAT = dwarf;
				ENABLE_STRICT_OBJC_MSGSEND = YES;
				ENABLE_TESTABILITY = YES;
				GCC_C_LANGUAGE_STANDARD = gnu99;
				GCC_DYNAMIC_NO_PIC = NO;
				GCC_NO_COMMON_BLOCKS = YES;
				GCC_OPTIMIZATION_LEVEL = 0;
				GCC_PREPROCESSOR_DEFINITIONS = (
					"DEBUG=1",
					"$(inherited)",
				);
				GCC_WARN_64_TO_32_BIT_CONVERSION = YES;
				GCC_WARN_ABOUT_RETURN_TYPE = YES_ERROR;
				GCC_WARN_UNDECLARED_SELECTOR = YES;
				GCC_WARN_UNINITIALIZED_AUTOS = YES_AGGRESSIVE;
				GCC_WARN_UNUSED_FUNCTION = YES;
				GCC_WARN_UNUSED_VARIABLE = YES;
				IPHONEOS_DEPLOYMENT_TARGET = 10.2;
				MTL_ENABLE_DEBUG_INFO = YES;
				ONLY_ACTIVE_ARCH = YES;
				SDKROOT = iphoneos;
				SWIFT_ACTIVE_COMPILATION_CONDITIONS = DEBUG;
				SWIFT_OPTIMIZATION_LEVEL = "-Onone";
			};
			name = Debug;
		};
		8B304F3A1E9F247D0034B8FF /* Release */ = {
			isa = XCBuildConfiguration;
			buildSettings = {
				ALWAYS_SEARCH_USER_PATHS = NO;
				CLANG_ANALYZER_NONNULL = YES;
				CLANG_CXX_LANGUAGE_STANDARD = "gnu++0x";
				CLANG_CXX_LIBRARY = "libc++";
				CLANG_ENABLE_MODULES = YES;
				CLANG_ENABLE_OBJC_ARC = YES;
				CLANG_WARN_BOOL_CONVERSION = YES;
				CLANG_WARN_CONSTANT_CONVERSION = YES;
				CLANG_WARN_DIRECT_OBJC_ISA_USAGE = YES_ERROR;
				CLANG_WARN_DOCUMENTATION_COMMENTS = YES;
				CLANG_WARN_EMPTY_BODY = YES;
				CLANG_WARN_ENUM_CONVERSION = YES;
				CLANG_WARN_INFINITE_RECURSION = YES;
				CLANG_WARN_INT_CONVERSION = YES;
				CLANG_WARN_OBJC_ROOT_CLASS = YES_ERROR;
				CLANG_WARN_SUSPICIOUS_MOVE = YES;
				CLANG_WARN_UNREACHABLE_CODE = YES;
				CLANG_WARN__DUPLICATE_METHOD_MATCH = YES;
				"CODE_SIGN_IDENTITY[sdk=iphoneos*]" = "iPhone Developer";
				COPY_PHASE_STRIP = NO;
				DEBUG_INFORMATION_FORMAT = "dwarf-with-dsym";
				ENABLE_NS_ASSERTIONS = NO;
				ENABLE_STRICT_OBJC_MSGSEND = YES;
				GCC_C_LANGUAGE_STANDARD = gnu99;
				GCC_NO_COMMON_BLOCKS = YES;
				GCC_WARN_64_TO_32_BIT_CONVERSION = YES;
				GCC_WARN_ABOUT_RETURN_TYPE = YES_ERROR;
				GCC_WARN_UNDECLARED_SELECTOR = YES;
				GCC_WARN_UNINITIALIZED_AUTOS = YES_AGGRESSIVE;
				GCC_WARN_UNUSED_FUNCTION = YES;
				GCC_WARN_UNUSED_VARIABLE = YES;
				IPHONEOS_DEPLOYMENT_TARGET = 10.2;
				MTL_ENABLE_DEBUG_INFO = NO;
				SDKROOT = iphoneos;
				SWIFT_OPTIMIZATION_LEVEL = "-Owholemodule";
				VALIDATE_PRODUCT = YES;
			};
			name = Release;
		};
		8B304F3C1E9F247D0034B8FF /* Debug */ = {
			isa = XCBuildConfiguration;
			buildSettings = {
				ASSETCATALOG_COMPILER_APPICON_NAME = AppIcon;
				INFOPLIST_FILE = BasicControls/Info.plist;
				LD_RUNPATH_SEARCH_PATHS = "$(inherited) @executable_path/Frameworks";
				PRODUCT_BUNDLE_IDENTIFIER = com.codekul.BasicControls;
				PRODUCT_NAME = "$(TARGET_NAME)";
				SWIFT_VERSION = 3.0;
			};
			name = Debug;
		};
		8B304F3D1E9F247D0034B8FF /* Release */ = {
			isa = XCBuildConfiguration;
			buildSettings = {
				ASSETCATALOG_COMPILER_APPICON_NAME = AppIcon;
				INFOPLIST_FILE = BasicControls/Info.plist;
				LD_RUNPATH_SEARCH_PATHS = "$(inherited) @executable_path/Frameworks";
				PRODUCT_BUNDLE_IDENTIFIER = com.codekul.BasicControls;
				PRODUCT_NAME = "$(TARGET_NAME)";
				SWIFT_VERSION = 3.0;
			};
			name = Release;
		};
/* End XCBuildConfiguration section */

/* Begin XCConfigurationList section */
		8B304F241E9F247C0034B8FF /* Build configuration list for PBXProject "BasicControls" */ = {
			isa = XCConfigurationList;
			buildConfigurations = (
				8B304F391E9F247D0034B8FF /* Debug */,
				8B304F3A1E9F247D0034B8FF /* Release */,
			);
			defaultConfigurationIsVisible = 0;
			defaultConfigurationName = Release;
		};
		8B304F3B1E9F247D0034B8FF /* Build configuration list for PBXNativeTarget "BasicControls" */ = {
			isa = XCConfigurationList;
			buildConfigurations = (
				8B304F3C1E9F247D0034B8FF /* Debug */,
				8B304F3D1E9F247D0034B8FF /* Release */,
			);
			defaultConfigurationIsVisible = 0;
		};
/* End XCConfigurationList section */
	};
	rootObject = 8B304F211E9F247C0034B8FF /* Project object */;
}
