// !$*UTF8*$!
{
	archiveVersion = 1;
	classes = {
	};
	objectVersion = 46;
	objects = {

/* Begin PBXBuildFile section */
		8B57A5EB1ED7EAAA00885B59 /* AppDelegate.swift in Sources */ = {isa = PBXBuildFile; fileRef = 8B57A5EA1ED7EAAA00885B59 /* AppDelegate.swift */; };
		8B57A5ED1ED7EAAA00885B59 /* ViewController.swift in Sources */ = {isa = PBXBuildFile; fileRef = 8B57A5EC1ED7EAAA00885B59 /* ViewController.swift */; };
		8B57A5F01ED7EAAA00885B59 /* Main.storyboard in Resources */ = {isa = PBXBuildFile; fileRef = 8B57A5EE1ED7EAAA00885B59 /* Main.storyboard */; };
		8B57A5F21ED7EAAA00885B59 /* Assets.xcassets in Resources */ = {isa = PBXBuildFile; fileRef = 8B57A5F11ED7EAAA00885B59 /* Assets.xcassets */; };
		8B57A5F51ED7EAAA00885B59 /* LaunchScreen.storyboard in Resources */ = {isa = PBXBuildFile; fileRef = 8B57A5F31ED7EAAA00885B59 /* LaunchScreen.storyboard */; };
/* End PBXBuildFile section */

/* Begin PBXFileReference section */
		8B57A5E71ED7EAAA00885B59 /* JsonParser.app */ = {isa = PBXFileReference; explicitFileType = wrapper.application; includeInIndex = 0; path = JsonParser.app; sourceTree = BUILT_PRODUCTS_DIR; };
		8B57A5EA1ED7EAAA00885B59 /* AppDelegate.swift */ = {isa = PBXFileReference; lastKnownFileType = sourcecode.swift; path = AppDelegate.swift; sourceTree = "<group>"; };
		8B57A5EC1ED7EAAA00885B59 /* ViewController.swift */ = {isa = PBXFileReference; lastKnownFileType = sourcecode.swift; path = ViewController.swift; sourceTree = "<group>"; };
		8B57A5EF1ED7EAAA00885B59 /* Base */ = {isa = PBXFileReference; lastKnownFileType = file.storyboard; name = Base; path = Base.lproj/Main.storyboard; sourceTree = "<group>"; };
		8B57A5F11ED7EAAA00885B59 /* Assets.xcassets */ = {isa = PBXFileReference; lastKnownFileType = folder.assetcatalog; path = Assets.xcassets; sourceTree = "<group>"; };
		8B57A5F41ED7EAAA00885B59 /* Base */ = {isa = PBXFileReference; lastKnownFileType = file.storyboard; name = Base; path = Base.lproj/LaunchScreen.storyboard; sourceTree = "<group>"; };
		8B57A5F61ED7EAAA00885B59 /* Info.plist */ = {isa = PBXFileReference; lastKnownFileType = text.plist.xml; path = Info.plist; sourceTree = "<group>"; };
/* End PBXFileReference section */

/* Begin PBXFrameworksBuildPhase section */
		8B57A5E41ED7EAA900885B59 /* Frameworks */ = {
			isa = PBXFrameworksBuildPhase;
			buildActionMask = 2147483647;
			files = (
			);
			runOnlyForDeploymentPostprocessing = 0;
		};
/* End PBXFrameworksBuildPhase section */

/* Begin PBXGroup section */
		8B57A5DE1ED7EAA900885B59 = {
			isa = PBXGroup;
			children = (
				8B57A5E91ED7EAAA00885B59 /* JsonParser */,
				8B57A5E81ED7EAAA00885B59 /* Products */,
			);
			sourceTree = "<group>";
		};
		8B57A5E81ED7EAAA00885B59 /* Products */ = {
			isa = PBXGroup;
			children = (
				8B57A5E71ED7EAAA00885B59 /* JsonParser.app */,
			);
			name = Products;
			sourceTree = "<group>";
		};
		8B57A5E91ED7EAAA00885B59 /* JsonParser */ = {
			isa = PBXGroup;
			children = (
				8B57A5EA1ED7EAAA00885B59 /* AppDelegate.swift */,
				8B57A5EC1ED7EAAA00885B59 /* ViewController.swift */,
				8B57A5EE1ED7EAAA00885B59 /* Main.storyboard */,
				8B57A5F11ED7EAAA00885B59 /* Assets.xcassets */,
				8B57A5F31ED7EAAA00885B59 /* LaunchScreen.storyboard */,
				8B57A5F61ED7EAAA00885B59 /* Info.plist */,
			);
			path = JsonParser;
			sourceTree = "<group>";
		};
/* End PBXGroup section */

/* Begin PBXNativeTarget section */
		8B57A5E61ED7EAA900885B59 /* JsonParser */ = {
			isa = PBXNativeTarget;
			buildConfigurationList = 8B57A5F91ED7EAAA00885B59 /* Build configuration list for PBXNativeTarget "JsonParser" */;
			buildPhases = (
				8B57A5E31ED7EAA900885B59 /* Sources */,
				8B57A5E41ED7EAA900885B59 /* Frameworks */,
				8B57A5E51ED7EAA900885B59 /* Resources */,
			);
			buildRules = (
			);
			dependencies = (
			);
			name = JsonParser;
			productName = JsonParser;
			productReference = 8B57A5E71ED7EAAA00885B59 /* JsonParser.app */;
			productType = "com.apple.product-type.application";
		};
/* End PBXNativeTarget section */

/* Begin PBXProject section */
		8B57A5DF1ED7EAA900885B59 /* Project object */ = {
			isa = PBXProject;
			attributes = {
				LastSwiftUpdateCheck = 0820;
				LastUpgradeCheck = 0820;
				ORGANIZATIONNAME = CodeKul;
				TargetAttributes = {
					8B57A5E61ED7EAA900885B59 = {
						CreatedOnToolsVersion = 8.2.1;
						ProvisioningStyle = Automatic;
					};
				};
			};
			buildConfigurationList = 8B57A5E21ED7EAA900885B59 /* Build configuration list for PBXProject "JsonParser" */;
			compatibilityVersion = "Xcode 3.2";
			developmentRegion = English;
			hasScannedForEncodings = 0;
			knownRegions = (
				en,
				Base,
			);
			mainGroup = 8B57A5DE1ED7EAA900885B59;
			productRefGroup = 8B57A5E81ED7EAAA00885B59 /* Products */;
			projectDirPath = "";
			projectRoot = "";
			targets = (
				8B57A5E61ED7EAA900885B59 /* JsonParser */,
			);
		};
/* End PBXProject section */

/* Begin PBXResourcesBuildPhase section */
		8B57A5E51ED7EAA900885B59 /* Resources */ = {
			isa = PBXResourcesBuildPhase;
			buildActionMask = 2147483647;
			files = (
				8B57A5F51ED7EAAA00885B59 /* LaunchScreen.storyboard in Resources */,
				8B57A5F21ED7EAAA00885B59 /* Assets.xcassets in Resources */,
				8B57A5F01ED7EAAA00885B59 /* Main.storyboard in Resources */,
			);
			runOnlyForDeploymentPostprocessing = 0;
		};
/* End PBXResourcesBuildPhase section */

/* Begin PBXSourcesBuildPhase section */
		8B57A5E31ED7EAA900885B59 /* Sources */ = {
			isa = PBXSourcesBuildPhase;
			buildActionMask = 2147483647;
			files = (
				8B57A5ED1ED7EAAA00885B59 /* ViewController.swift in Sources */,
				8B57A5EB1ED7EAAA00885B59 /* AppDelegate.swift in Sources */,
			);
			runOnlyForDeploymentPostprocessing = 0;
		};
/* End PBXSourcesBuildPhase section */

/* Begin PBXVariantGroup section */
		8B57A5EE1ED7EAAA00885B59 /* Main.storyboard */ = {
			isa = PBXVariantGroup;
			children = (
				8B57A5EF1ED7EAAA00885B59 /* Base */,
			);
			name = Main.storyboard;
			sourceTree = "<group>";
		};
		8B57A5F31ED7EAAA00885B59 /* LaunchScreen.storyboard */ = {
			isa = PBXVariantGroup;
			children = (
				8B57A5F41ED7EAAA00885B59 /* Base */,
			);
			name = LaunchScreen.storyboard;
			sourceTree = "<group>";
		};
/* End PBXVariantGroup section */

/* Begin XCBuildConfiguration section */
		8B57A5F71ED7EAAA00885B59 /* Debug */ = {
			isa = XCBuildConfiguration;
			buildSettings = {
				ALWAYS_SEARCH_USER_PATHS = NO;
				CLANG_ANALYZER_NONNULL = YES;
				CLANG_CXX_LANGUAGE_STANDARD = "gnu++0x";
				CLANG_CXX_LIBRARY = "libc++";
				CLANG_ENABLE_MODULES = YES;
				CLANG_ENABLE_OBJC_ARC = YES;
				CLANG_WARN_BOOL_CONVERSION = YES;
				CLANG_WARN_CONSTANT_CONVERSION = YES;
				CLANG_WARN_DIRECT_OBJC_ISA_USAGE = YES_ERROR;
				CLANG_WARN_DOCUMENTATION_COMMENTS = YES;
				CLANG_WARN_EMPTY_BODY = YES;
				CLANG_WARN_ENUM_CONVERSION = YES;
				CLANG_WARN_INFINITE_RECURSION = YES;
				CLANG_WARN_INT_CONVERSION = YES;
				CLANG_WARN_OBJC_ROOT_CLASS = YES_ERROR;
				CLANG_WARN_SUSPICIOUS_MOVE = YES;
				CLANG_WARN_UNREACHABLE_CODE = YES;
				CLANG_WARN__DUPLICATE_METHOD_MATCH = YES;
				"CODE_SIGN_IDENTITY[sdk=iphoneos*]" = "iPhone Developer";
				COPY_PHASE_STRIP = NO;
				DEBUG_INFORMATION_FORMAT = dwarf;
				ENABLE_STRICT_OBJC_MSGSEND = YES;
				ENABLE_TESTABILITY = YES;
				GCC_C_LANGUAGE_STANDARD = gnu99;
				GCC_DYNAMIC_NO_PIC = NO;
				GCC_NO_COMMON_BLOCKS = YES;
				GCC_OPTIMIZATION_LEVEL = 0;
				GCC_PREPROCESSOR_DEFINITIONS = (
					"DEBUG=1",
					"$(inherited)",
				);
				GCC_WARN_64_TO_32_BIT_CONVERSION = YES;
				GCC_WARN_ABOUT_RETURN_TYPE = YES_ERROR;
				GCC_WARN_UNDECLARED_SELECTOR = YES;
				GCC_WARN_UNINITIALIZED_AUTOS = YES_AGGRESSIVE;
				GCC_WARN_UNUSED_FUNCTION = YES;
				GCC_WARN_UNUSED_VARIABLE = YES;
				IPHONEOS_DEPLOYMENT_TARGET = 10.2;
				MTL_ENABLE_DEBUG_INFO = YES;
				ONLY_ACTIVE_ARCH = YES;
				SDKROOT = iphoneos;
				SWIFT_ACTIVE_COMPILATION_CONDITIONS = DEBUG;
				SWIFT_OPTIMIZATION_LEVEL = "-Onone";
			};
			name = Debug;
		};
		8B57A5F81ED7EAAA00885B59 /* Release */ = {
			isa = XCBuildConfiguration;
			buildSettings = {
				ALWAYS_SEARCH_USER_PATHS = NO;
				CLANG_ANALYZER_NONNULL = YES;
				CLANG_CXX_LANGUAGE_STANDARD = "gnu++0x";
				CLANG_CXX_LIBRARY = "libc++";
				CLANG_ENABLE_MODULES = YES;
				CLANG_ENABLE_OBJC_ARC = YES;
				CLANG_WARN_BOOL_CONVERSION = YES;
				CLANG_WARN_CONSTANT_CONVERSION = YES;
				CLANG_WARN_DIRECT_OBJC_ISA_USAGE = YES_ERROR;
				CLANG_WARN_DOCUMENTATION_COMMENTS = YES;
				CLANG_WARN_EMPTY_BODY = YES;
				CLANG_WARN_ENUM_CONVERSION = YES;
				CLANG_WARN_INFINITE_RECURSION = YES;
				CLANG_WARN_INT_CONVERSION = YES;
				CLANG_WARN_OBJC_ROOT_CLASS = YES_ERROR;
				CLANG_WARN_SUSPICIOUS_MOVE = YES;
				CLANG_WARN_UNREACHABLE_CODE = YES;
				CLANG_WARN__DUPLICATE_METHOD_MATCH = YES;
				"CODE_SIGN_IDENTITY[sdk=iphoneos*]" = "iPhone Developer";
				COPY_PHASE_STRIP = NO;
				DEBUG_INFORMATION_FORMAT = "dwarf-with-dsym";
				ENABLE_NS_ASSERTIONS = NO;
				ENABLE_STRICT_OBJC_MSGSEND = YES;
				GCC_C_LANGUAGE_STANDARD = gnu99;
				GCC_NO_COMMON_BLOCKS = YES;
				GCC_WARN_64_TO_32_BIT_CONVERSION = YES;
				GCC_WARN_ABOUT_RETURN_TYPE = YES_ERROR;
				GCC_WARN_UNDECLARED_SELECTOR = YES;
				GCC_WARN_UNINITIALIZED_AUTOS = YES_AGGRESSIVE;
				GCC_WARN_UNUSED_FUNCTION = YES;
				GCC_WARN_UNUSED_VARIABLE = YES;
				IPHONEOS_DEPLOYMENT_TARGET = 10.2;
				MTL_ENABLE_DEBUG_INFO = NO;
				SDKROOT = iphoneos;
				SWIFT_OPTIMIZATION_LEVEL = "-Owholemodule";
				VALIDATE_PRODUCT = YES;
			};
			name = Release;
		};
		8B57A5FA1ED7EAAA00885B59 /* Debug */ = {
			isa = XCBuildConfiguration;
			buildSettings = {
				ASSETCATALOG_COMPILER_APPICON_NAME = AppIcon;
				INFOPLIST_FILE = JsonParser/Info.plist;
				LD_RUNPATH_SEARCH_PATHS = "$(inherited) @executable_path/Frameworks";
				PRODUCT_BUNDLE_IDENTIFIER = com.codekul.JsonParser;
				PRODUCT_NAME = "$(TARGET_NAME)";
				SWIFT_VERSION = 3.0;
			};
			name = Debug;
		};
		8B57A5FB1ED7EAAA00885B59 /* Release */ = {
			isa = XCBuildConfiguration;
			buildSettings = {
				ASSETCATALOG_COMPILER_APPICON_NAME = AppIcon;
				INFOPLIST_FILE = JsonParser/Info.plist;
				LD_RUNPATH_SEARCH_PATHS = "$(inherited) @executable_path/Frameworks";
				PRODUCT_BUNDLE_IDENTIFIER = com.codekul.JsonParser;
				PRODUCT_NAME = "$(TARGET_NAME)";
				SWIFT_VERSION = 3.0;
			};
			name = Release;
		};
/* End XCBuildConfiguration section */

/* Begin XCConfigurationList section */
		8B57A5E21ED7EAA900885B59 /* Build configuration list for PBXProject "JsonParser" */ = {
			isa = XCConfigurationList;
			buildConfigurations = (
				8B57A5F71ED7EAAA00885B59 /* Debug */,
				8B57A5F81ED7EAAA00885B59 /* Release */,
			);
			defaultConfigurationIsVisible = 0;
			defaultConfigurationName = Release;
		};
		8B57A5F91ED7EAAA00885B59 /* Build configuration list for PBXNativeTarget "JsonParser" */ = {
			isa = XCConfigurationList;
			buildConfigurations = (
				8B57A5FA1ED7EAAA00885B59 /* Debug */,
				8B57A5FB1ED7EAAA00885B59 /* Release */,
			);
			defaultConfigurationIsVisible = 0;
		};
/* End XCConfigurationList section */
	};
	rootObject = 8B57A5DF1ED7EAA900885B59 /* Project object */;
}
