// !$*UTF8*$!
{
	archiveVersion = 1;
	classes = {
	};
	objectVersion = 46;
	objects = {

/* Begin PBXBuildFile section */
		879A1D751ED57B56007082C2 /* AppDelegate.swift in Sources */ = {isa = PBXBuildFile; fileRef = 879A1D741ED57B56007082C2 /* AppDelegate.swift */; };
		879A1D771ED57B56007082C2 /* ViewController.swift in Sources */ = {isa = PBXBuildFile; fileRef = 879A1D761ED57B56007082C2 /* ViewController.swift */; };
		879A1D7A1ED57B56007082C2 /* Main.storyboard in Resources */ = {isa = PBXBuildFile; fileRef = 879A1D781ED57B56007082C2 /* Main.storyboard */; };
		879A1D7C1ED57B56007082C2 /* Assets.xcassets in Resources */ = {isa = PBXBuildFile; fileRef = 879A1D7B1ED57B56007082C2 /* Assets.xcassets */; };
		879A1D7F1ED57B56007082C2 /* LaunchScreen.storyboard in Resources */ = {isa = PBXBuildFile; fileRef = 879A1D7D1ED57B56007082C2 /* LaunchScreen.storyboard */; };
		87B8127E1ED6B6FF00862821 /* newaInfoTableViewCell.swift in Sources */ = {isa = PBXBuildFile; fileRef = 87B8127D1ED6B6FF00862821 /* newaInfoTableViewCell.swift */; };
/* End PBXBuildFile section */

/* Begin PBXFileReference section */
		879A1D711ED57B56007082C2 /* newsAppWithRssFeed.app */ = {isa = PBXFileReference; explicitFileType = wrapper.application; includeInIndex = 0; path = newsAppWithRssFeed.app; sourceTree = BUILT_PRODUCTS_DIR; };
		879A1D741ED57B56007082C2 /* AppDelegate.swift */ = {isa = PBXFileReference; lastKnownFileType = sourcecode.swift; path = AppDelegate.swift; sourceTree = "<group>"; };
		879A1D761ED57B56007082C2 /* ViewController.swift */ = {isa = PBXFileReference; lastKnownFileType = sourcecode.swift; path = ViewController.swift; sourceTree = "<group>"; };
		879A1D791ED57B56007082C2 /* Base */ = {isa = PBXFileReference; lastKnownFileType = file.storyboard; name = Base; path = Base.lproj/Main.storyboard; sourceTree = "<group>"; };
		879A1D7B1ED57B56007082C2 /* Assets.xcassets */ = {isa = PBXFileReference; lastKnownFileType = folder.assetcatalog; path = Assets.xcassets; sourceTree = "<group>"; };
		879A1D7E1ED57B56007082C2 /* Base */ = {isa = PBXFileReference; lastKnownFileType = file.storyboard; name = Base; path = Base.lproj/LaunchScreen.storyboard; sourceTree = "<group>"; };
		879A1D801ED57B56007082C2 /* Info.plist */ = {isa = PBXFileReference; lastKnownFileType = text.plist.xml; path = Info.plist; sourceTree = "<group>"; };
		87B8127D1ED6B6FF00862821 /* newaInfoTableViewCell.swift */ = {isa = PBXFileReference; fileEncoding = 4; lastKnownFileType = sourcecode.swift; path = newaInfoTableViewCell.swift; sourceTree = "<group>"; };
/* End PBXFileReference section */

/* Begin PBXFrameworksBuildPhase section */
		879A1D6E1ED57B56007082C2 /* Frameworks */ = {
			isa = PBXFrameworksBuildPhase;
			buildActionMask = 2147483647;
			files = (
			);
			runOnlyForDeploymentPostprocessing = 0;
		};
/* End PBXFrameworksBuildPhase section */

/* Begin PBXGroup section */
		879A1D681ED57B56007082C2 = {
			isa = PBXGroup;
			children = (
				879A1D731ED57B56007082C2 /* newsAppWithRssFeed */,
				879A1D721ED57B56007082C2 /* Products */,
			);
			sourceTree = "<group>";
		};
		879A1D721ED57B56007082C2 /* Products */ = {
			isa = PBXGroup;
			children = (
				879A1D711ED57B56007082C2 /* newsAppWithRssFeed.app */,
			);
			name = Products;
			sourceTree = "<group>";
		};
		879A1D731ED57B56007082C2 /* newsAppWithRssFeed */ = {
			isa = PBXGroup;
			children = (
				879A1D741ED57B56007082C2 /* AppDelegate.swift */,
				879A1D761ED57B56007082C2 /* ViewController.swift */,
				879A1D781ED57B56007082C2 /* Main.storyboard */,
				879A1D7B1ED57B56007082C2 /* Assets.xcassets */,
				879A1D7D1ED57B56007082C2 /* LaunchScreen.storyboard */,
				879A1D801ED57B56007082C2 /* Info.plist */,
				87B8127D1ED6B6FF00862821 /* newaInfoTableViewCell.swift */,
			);
			path = newsAppWithRssFeed;
			sourceTree = "<group>";
		};
/* End PBXGroup section */

/* Begin PBXNativeTarget section */
		879A1D701ED57B56007082C2 /* newsAppWithRssFeed */ = {
			isa = PBXNativeTarget;
			buildConfigurationList = 879A1D831ED57B56007082C2 /* Build configuration list for PBXNativeTarget "newsAppWithRssFeed" */;
			buildPhases = (
				879A1D6D1ED57B56007082C2 /* Sources */,
				879A1D6E1ED57B56007082C2 /* Frameworks */,
				879A1D6F1ED57B56007082C2 /* Resources */,
			);
			buildRules = (
			);
			dependencies = (
			);
			name = newsAppWithRssFeed;
			productName = newsAppWithRssFeed;
			productReference = 879A1D711ED57B56007082C2 /* newsAppWithRssFeed.app */;
			productType = "com.apple.product-type.application";
		};
/* End PBXNativeTarget section */

/* Begin PBXProject section */
		879A1D691ED57B56007082C2 /* Project object */ = {
			isa = PBXProject;
			attributes = {
				LastSwiftUpdateCheck = 0830;
				LastUpgradeCheck = 0830;
				ORGANIZATIONNAME = CodeKul;
				TargetAttributes = {
					879A1D701ED57B56007082C2 = {
						CreatedOnToolsVersion = 8.3;
						ProvisioningStyle = Automatic;
					};
				};
			};
			buildConfigurationList = 879A1D6C1ED57B56007082C2 /* Build configuration list for PBXProject "newsAppWithRssFeed" */;
			compatibilityVersion = "Xcode 3.2";
			developmentRegion = English;
			hasScannedForEncodings = 0;
			knownRegions = (
				en,
				Base,
			);
			mainGroup = 879A1D681ED57B56007082C2;
			productRefGroup = 879A1D721ED57B56007082C2 /* Products */;
			projectDirPath = "";
			projectRoot = "";
			targets = (
				879A1D701ED57B56007082C2 /* newsAppWithRssFeed */,
			);
		};
/* End PBXProject section */

/* Begin PBXResourcesBuildPhase section */
		879A1D6F1ED57B56007082C2 /* Resources */ = {
			isa = PBXResourcesBuildPhase;
			buildActionMask = 2147483647;
			files = (
				879A1D7F1ED57B56007082C2 /* LaunchScreen.storyboard in Resources */,
				879A1D7C1ED57B56007082C2 /* Assets.xcassets in Resources */,
				879A1D7A1ED57B56007082C2 /* Main.storyboard in Resources */,
			);
			runOnlyForDeploymentPostprocessing = 0;
		};
/* End PBXResourcesBuildPhase section */

/* Begin PBXSourcesBuildPhase section */
		879A1D6D1ED57B56007082C2 /* Sources */ = {
			isa = PBXSourcesBuildPhase;
			buildActionMask = 2147483647;
			files = (
				879A1D771ED57B56007082C2 /* ViewController.swift in Sources */,
				879A1D751ED57B56007082C2 /* AppDelegate.swift in Sources */,
				87B8127E1ED6B6FF00862821 /* newaInfoTableViewCell.swift in Sources */,
			);
			runOnlyForDeploymentPostprocessing = 0;
		};
/* End PBXSourcesBuildPhase section */

/* Begin PBXVariantGroup section */
		879A1D781ED57B56007082C2 /* Main.storyboard */ = {
			isa = PBXVariantGroup;
			children = (
				879A1D791ED57B56007082C2 /* Base */,
			);
			name = Main.storyboard;
			sourceTree = "<group>";
		};
		879A1D7D1ED57B56007082C2 /* LaunchScreen.storyboard */ = {
			isa = PBXVariantGroup;
			children = (
				879A1D7E1ED57B56007082C2 /* Base */,
			);
			name = LaunchScreen.storyboard;
			sourceTree = "<group>";
		};
/* End PBXVariantGroup section */

/* Begin XCBuildConfiguration section */
		879A1D811ED57B56007082C2 /* Debug */ = {
			isa = XCBuildConfiguration;
			buildSettings = {
				ALWAYS_SEARCH_USER_PATHS = NO;
				CLANG_ANALYZER_NONNULL = YES;
				CLANG_ANALYZER_NUMBER_OBJECT_CONVERSION = YES_AGGRESSIVE;
				CLANG_CXX_LANGUAGE_STANDARD = "gnu++0x";
				CLANG_CXX_LIBRARY = "libc++";
				CLANG_ENABLE_MODULES = YES;
				CLANG_ENABLE_OBJC_ARC = YES;
				CLANG_WARN_BOOL_CONVERSION = YES;
				CLANG_WARN_CONSTANT_CONVERSION = YES;
				CLANG_WARN_DIRECT_OBJC_ISA_USAGE = YES_ERROR;
				CLANG_WARN_DOCUMENTATION_COMMENTS = YES;
				CLANG_WARN_EMPTY_BODY = YES;
				CLANG_WARN_ENUM_CONVERSION = YES;
				CLANG_WARN_INFINITE_RECURSION = YES;
				CLANG_WARN_INT_CONVERSION = YES;
				CLANG_WARN_OBJC_ROOT_CLASS = YES_ERROR;
				CLANG_WARN_SUSPICIOUS_MOVE = YES;
				CLANG_WARN_UNREACHABLE_CODE = YES;
				CLANG_WARN__DUPLICATE_METHOD_MATCH = YES;
				"CODE_SIGN_IDENTITY[sdk=iphoneos*]" = "iPhone Developer";
				COPY_PHASE_STRIP = NO;
				DEBUG_INFORMATION_FORMAT = dwarf;
				ENABLE_STRICT_OBJC_MSGSEND = YES;
				ENABLE_TESTABILITY = YES;
				GCC_C_LANGUAGE_STANDARD = gnu99;
				GCC_DYNAMIC_NO_PIC = NO;
				GCC_NO_COMMON_BLOCKS = YES;
				GCC_OPTIMIZATION_LEVEL = 0;
				GCC_PREPROCESSOR_DEFINITIONS = (
					"DEBUG=1",
					"$(inherited)",
				);
				GCC_WARN_64_TO_32_BIT_CONVERSION = YES;
				GCC_WARN_ABOUT_RETURN_TYPE = YES_ERROR;
				GCC_WARN_UNDECLARED_SELECTOR = YES;
				GCC_WARN_UNINITIALIZED_AUTOS = YES_AGGRESSIVE;
				GCC_WARN_UNUSED_FUNCTION = YES;
				GCC_WARN_UNUSED_VARIABLE = YES;
				IPHONEOS_DEPLOYMENT_TARGET = 10.3;
				MTL_ENABLE_DEBUG_INFO = YES;
				ONLY_ACTIVE_ARCH = YES;
				SDKROOT = iphoneos;
				SWIFT_ACTIVE_COMPILATION_CONDITIONS = DEBUG;
				SWIFT_OPTIMIZATION_LEVEL = "-Onone";
			};
			name = Debug;
		};
		879A1D821ED57B56007082C2 /* Release */ = {
			isa = XCBuildConfiguration;
			buildSettings = {
				ALWAYS_SEARCH_USER_PATHS = NO;
				CLANG_ANALYZER_NONNULL = YES;
				CLANG_ANALYZER_NUMBER_OBJECT_CONVERSION = YES_AGGRESSIVE;
				CLANG_CXX_LANGUAGE_STANDARD = "gnu++0x";
				CLANG_CXX_LIBRARY = "libc++";
				CLANG_ENABLE_MODULES = YES;
				CLANG_ENABLE_OBJC_ARC = YES;
				CLANG_WARN_BOOL_CONVERSION = YES;
				CLANG_WARN_CONSTANT_CONVERSION = YES;
				CLANG_WARN_DIRECT_OBJC_ISA_USAGE = YES_ERROR;
				CLANG_WARN_DOCUMENTATION_COMMENTS = YES;
				CLANG_WARN_EMPTY_BODY = YES;
				CLANG_WARN_ENUM_CONVERSION = YES;
				CLANG_WARN_INFINITE_RECURSION = YES;
				CLANG_WARN_INT_CONVERSION = YES;
				CLANG_WARN_OBJC_ROOT_CLASS = YES_ERROR;
				CLANG_WARN_SUSPICIOUS_MOVE = YES;
				CLANG_WARN_UNREACHABLE_CODE = YES;
				CLANG_WARN__DUPLICATE_METHOD_MATCH = YES;
				"CODE_SIGN_IDENTITY[sdk=iphoneos*]" = "iPhone Developer";
				COPY_PHASE_STRIP = NO;
				DEBUG_INFORMATION_FORMAT = "dwarf-with-dsym";
				ENABLE_NS_ASSERTIONS = NO;
				ENABLE_STRICT_OBJC_MSGSEND = YES;
				GCC_C_LANGUAGE_STANDARD = gnu99;
				GCC_NO_COMMON_BLOCKS = YES;
				GCC_WARN_64_TO_32_BIT_CONVERSION = YES;
				GCC_WARN_ABOUT_RETURN_TYPE = YES_ERROR;
				GCC_WARN_UNDECLARED_SELECTOR = YES;
				GCC_WARN_UNINITIALIZED_AUTOS = YES_AGGRESSIVE;
				GCC_WARN_UNUSED_FUNCTION = YES;
				GCC_WARN_UNUSED_VARIABLE = YES;
				IPHONEOS_DEPLOYMENT_TARGET = 10.3;
				MTL_ENABLE_DEBUG_INFO = NO;
				SDKROOT = iphoneos;
				SWIFT_OPTIMIZATION_LEVEL = "-Owholemodule";
				VALIDATE_PRODUCT = YES;
			};
			name = Release;
		};
		879A1D841ED57B56007082C2 /* Debug */ = {
			isa = XCBuildConfiguration;
			buildSettings = {
				ASSETCATALOG_COMPILER_APPICON_NAME = AppIcon;
				INFOPLIST_FILE = newsAppWithRssFeed/Info.plist;
				LD_RUNPATH_SEARCH_PATHS = "$(inherited) @executable_path/Frameworks";
				PRODUCT_BUNDLE_IDENTIFIER = com.codekul.newsAppWithRssFeed;
				PRODUCT_NAME = "$(TARGET_NAME)";
				SWIFT_VERSION = 3.0;
			};
			name = Debug;
		};
		879A1D851ED57B56007082C2 /* Release */ = {
			isa = XCBuildConfiguration;
			buildSettings = {
				ASSETCATALOG_COMPILER_APPICON_NAME = AppIcon;
				INFOPLIST_FILE = newsAppWithRssFeed/Info.plist;
				LD_RUNPATH_SEARCH_PATHS = "$(inherited) @executable_path/Frameworks";
				PRODUCT_BUNDLE_IDENTIFIER = com.codekul.newsAppWithRssFeed;
				PRODUCT_NAME = "$(TARGET_NAME)";
				SWIFT_VERSION = 3.0;
			};
			name = Release;
		};
/* End XCBuildConfiguration section */

/* Begin XCConfigurationList section */
		879A1D6C1ED57B56007082C2 /* Build configuration list for PBXProject "newsAppWithRssFeed" */ = {
			isa = XCConfigurationList;
			buildConfigurations = (
				879A1D811ED57B56007082C2 /* Debug */,
				879A1D821ED57B56007082C2 /* Release */,
			);
			defaultConfigurationIsVisible = 0;
			defaultConfigurationName = Release;
		};
		879A1D831ED57B56007082C2 /* Build configuration list for PBXNativeTarget "newsAppWithRssFeed" */ = {
			isa = XCConfigurationList;
			buildConfigurations = (
				879A1D841ED57B56007082C2 /* Debug */,
				879A1D851ED57B56007082C2 /* Release */,
			);
			defaultConfigurationIsVisible = 0;
			defaultConfigurationName = Release;
		};
/* End XCConfigurationList section */
	};
	rootObject = 879A1D691ED57B56007082C2 /* Project object */;
}
