// !$*UTF8*$!
{
	archiveVersion = 1;
	classes = {
	};
	objectVersion = 46;
	objects = {

/* Begin PBXBuildFile section */
		879A1D551ED543B0007082C2 /* AppDelegate.swift in Sources */ = {isa = PBXBuildFile; fileRef = 879A1D541ED543B0007082C2 /* AppDelegate.swift */; };
		879A1D571ED543B0007082C2 /* ViewController.swift in Sources */ = {isa = PBXBuildFile; fileRef = 879A1D561ED543B0007082C2 /* ViewController.swift */; };
		879A1D5A1ED543B0007082C2 /* Main.storyboard in Resources */ = {isa = PBXBuildFile; fileRef = 879A1D581ED543B0007082C2 /* Main.storyboard */; };
		879A1D5C1ED543B0007082C2 /* Assets.xcassets in Resources */ = {isa = PBXBuildFile; fileRef = 879A1D5B1ED543B0007082C2 /* Assets.xcassets */; };
		879A1D5F1ED543B0007082C2 /* LaunchScreen.storyboard in Resources */ = {isa = PBXBuildFile; fileRef = 879A1D5D1ED543B0007082C2 /* LaunchScreen.storyboard */; };
		879A1D671ED54544007082C2 /* showTableViewCell.swift in Sources */ = {isa = PBXBuildFile; fileRef = 879A1D661ED54544007082C2 /* showTableViewCell.swift */; };
/* End PBXBuildFile section */

/* Begin PBXFileReference section */
		879A1D511ED543B0007082C2 /* xmlParsing.app */ = {isa = PBXFileReference; explicitFileType = wrapper.application; includeInIndex = 0; path = xmlParsing.app; sourceTree = BUILT_PRODUCTS_DIR; };
		879A1D541ED543B0007082C2 /* AppDelegate.swift */ = {isa = PBXFileReference; lastKnownFileType = sourcecode.swift; path = AppDelegate.swift; sourceTree = "<group>"; };
		879A1D561ED543B0007082C2 /* ViewController.swift */ = {isa = PBXFileReference; lastKnownFileType = sourcecode.swift; path = ViewController.swift; sourceTree = "<group>"; };
		879A1D591ED543B0007082C2 /* Base */ = {isa = PBXFileReference; lastKnownFileType = file.storyboard; name = Base; path = Base.lproj/Main.storyboard; sourceTree = "<group>"; };
		879A1D5B1ED543B0007082C2 /* Assets.xcassets */ = {isa = PBXFileReference; lastKnownFileType = folder.assetcatalog; path = Assets.xcassets; sourceTree = "<group>"; };
		879A1D5E1ED543B0007082C2 /* Base */ = {isa = PBXFileReference; lastKnownFileType = file.storyboard; name = Base; path = Base.lproj/LaunchScreen.storyboard; sourceTree = "<group>"; };
		879A1D601ED543B0007082C2 /* Info.plist */ = {isa = PBXFileReference; lastKnownFileType = text.plist.xml; path = Info.plist; sourceTree = "<group>"; };
		879A1D661ED54544007082C2 /* showTableViewCell.swift */ = {isa = PBXFileReference; fileEncoding = 4; lastKnownFileType = sourcecode.swift; path = showTableViewCell.swift; sourceTree = "<group>"; };
/* End PBXFileReference section */

/* Begin PBXFrameworksBuildPhase section */
		879A1D4E1ED543B0007082C2 /* Frameworks */ = {
			isa = PBXFrameworksBuildPhase;
			buildActionMask = 2147483647;
			files = (
			);
			runOnlyForDeploymentPostprocessing = 0;
		};
/* End PBXFrameworksBuildPhase section */

/* Begin PBXGroup section */
		879A1D481ED543B0007082C2 = {
			isa = PBXGroup;
			children = (
				879A1D531ED543B0007082C2 /* xmlParsing */,
				879A1D521ED543B0007082C2 /* Products */,
			);
			sourceTree = "<group>";
		};
		879A1D521ED543B0007082C2 /* Products */ = {
			isa = PBXGroup;
			children = (
				879A1D511ED543B0007082C2 /* xmlParsing.app */,
			);
			name = Products;
			sourceTree = "<group>";
		};
		879A1D531ED543B0007082C2 /* xmlParsing */ = {
			isa = PBXGroup;
			children = (
				879A1D541ED543B0007082C2 /* AppDelegate.swift */,
				879A1D561ED543B0007082C2 /* ViewController.swift */,
				879A1D581ED543B0007082C2 /* Main.storyboard */,
				879A1D5B1ED543B0007082C2 /* Assets.xcassets */,
				879A1D5D1ED543B0007082C2 /* LaunchScreen.storyboard */,
				879A1D601ED543B0007082C2 /* Info.plist */,
				879A1D661ED54544007082C2 /* showTableViewCell.swift */,
			);
			path = xmlParsing;
			sourceTree = "<group>";
		};
/* End PBXGroup section */

/* Begin PBXNativeTarget section */
		879A1D501ED543B0007082C2 /* xmlParsing */ = {
			isa = PBXNativeTarget;
			buildConfigurationList = 879A1D631ED543B0007082C2 /* Build configuration list for PBXNativeTarget "xmlParsing" */;
			buildPhases = (
				879A1D4D1ED543B0007082C2 /* Sources */,
				879A1D4E1ED543B0007082C2 /* Frameworks */,
				879A1D4F1ED543B0007082C2 /* Resources */,
			);
			buildRules = (
			);
			dependencies = (
			);
			name = xmlParsing;
			productName = xmlParsing;
			productReference = 879A1D511ED543B0007082C2 /* xmlParsing.app */;
			productType = "com.apple.product-type.application";
		};
/* End PBXNativeTarget section */

/* Begin PBXProject section */
		879A1D491ED543B0007082C2 /* Project object */ = {
			isa = PBXProject;
			attributes = {
				LastSwiftUpdateCheck = 0830;
				LastUpgradeCheck = 0830;
				ORGANIZATIONNAME = CodeKul;
				TargetAttributes = {
					879A1D501ED543B0007082C2 = {
						CreatedOnToolsVersion = 8.3;
						ProvisioningStyle = Automatic;
					};
				};
			};
			buildConfigurationList = 879A1D4C1ED543B0007082C2 /* Build configuration list for PBXProject "xmlParsing" */;
			compatibilityVersion = "Xcode 3.2";
			developmentRegion = English;
			hasScannedForEncodings = 0;
			knownRegions = (
				en,
				Base,
			);
			mainGroup = 879A1D481ED543B0007082C2;
			productRefGroup = 879A1D521ED543B0007082C2 /* Products */;
			projectDirPath = "";
			projectRoot = "";
			targets = (
				879A1D501ED543B0007082C2 /* xmlParsing */,
			);
		};
/* End PBXProject section */

/* Begin PBXResourcesBuildPhase section */
		879A1D4F1ED543B0007082C2 /* Resources */ = {
			isa = PBXResourcesBuildPhase;
			buildActionMask = 2147483647;
			files = (
				879A1D5F1ED543B0007082C2 /* LaunchScreen.storyboard in Resources */,
				879A1D5C1ED543B0007082C2 /* Assets.xcassets in Resources */,
				879A1D5A1ED543B0007082C2 /* Main.storyboard in Resources */,
			);
			runOnlyForDeploymentPostprocessing = 0;
		};
/* End PBXResourcesBuildPhase section */

/* Begin PBXSourcesBuildPhase section */
		879A1D4D1ED543B0007082C2 /* Sources */ = {
			isa = PBXSourcesBuildPhase;
			buildActionMask = 2147483647;
			files = (
				879A1D571ED543B0007082C2 /* ViewController.swift in Sources */,
				879A1D671ED54544007082C2 /* showTableViewCell.swift in Sources */,
				879A1D551ED543B0007082C2 /* AppDelegate.swift in Sources */,
			);
			runOnlyForDeploymentPostprocessing = 0;
		};
/* End PBXSourcesBuildPhase section */

/* Begin PBXVariantGroup section */
		879A1D581ED543B0007082C2 /* Main.storyboard */ = {
			isa = PBXVariantGroup;
			children = (
				879A1D591ED543B0007082C2 /* Base */,
			);
			name = Main.storyboard;
			sourceTree = "<group>";
		};
		879A1D5D1ED543B0007082C2 /* LaunchScreen.storyboard */ = {
			isa = PBXVariantGroup;
			children = (
				879A1D5E1ED543B0007082C2 /* Base */,
			);
			name = LaunchScreen.storyboard;
			sourceTree = "<group>";
		};
/* End PBXVariantGroup section */

/* Begin XCBuildConfiguration section */
		879A1D611ED543B0007082C2 /* Debug */ = {
			isa = XCBuildConfiguration;
			buildSettings = {
				ALWAYS_SEARCH_USER_PATHS = NO;
				CLANG_ANALYZER_NONNULL = YES;
				CLANG_ANALYZER_NUMBER_OBJECT_CONVERSION = YES_AGGRESSIVE;
				CLANG_CXX_LANGUAGE_STANDARD = "gnu++0x";
				CLANG_CXX_LIBRARY = "libc++";
				CLANG_ENABLE_MODULES = YES;
				CLANG_ENABLE_OBJC_ARC = YES;
				CLANG_WARN_BOOL_CONVERSION = YES;
				CLANG_WARN_CONSTANT_CONVERSION = YES;
				CLANG_WARN_DIRECT_OBJC_ISA_USAGE = YES_ERROR;
				CLANG_WARN_DOCUMENTATION_COMMENTS = YES;
				CLANG_WARN_EMPTY_BODY = YES;
				CLANG_WARN_ENUM_CONVERSION = YES;
				CLANG_WARN_INFINITE_RECURSION = YES;
				CLANG_WARN_INT_CONVERSION = YES;
				CLANG_WARN_OBJC_ROOT_CLASS = YES_ERROR;
				CLANG_WARN_SUSPICIOUS_MOVE = YES;
				CLANG_WARN_UNREACHABLE_CODE = YES;
				CLANG_WARN__DUPLICATE_METHOD_MATCH = YES;
				"CODE_SIGN_IDENTITY[sdk=iphoneos*]" = "iPhone Developer";
				COPY_PHASE_STRIP = NO;
				DEBUG_INFORMATION_FORMAT = dwarf;
				ENABLE_STRICT_OBJC_MSGSEND = YES;
				ENABLE_TESTABILITY = YES;
				GCC_C_LANGUAGE_STANDARD = gnu99;
				GCC_DYNAMIC_NO_PIC = NO;
				GCC_NO_COMMON_BLOCKS = YES;
				GCC_OPTIMIZATION_LEVEL = 0;
				GCC_PREPROCESSOR_DEFINITIONS = (
					"DEBUG=1",
					"$(inherited)",
				);
				GCC_WARN_64_TO_32_BIT_CONVERSION = YES;
				GCC_WARN_ABOUT_RETURN_TYPE = YES_ERROR;
				GCC_WARN_UNDECLARED_SELECTOR = YES;
				GCC_WARN_UNINITIALIZED_AUTOS = YES_AGGRESSIVE;
				GCC_WARN_UNUSED_FUNCTION = YES;
				GCC_WARN_UNUSED_VARIABLE = YES;
				IPHONEOS_DEPLOYMENT_TARGET = 10.3;
				MTL_ENABLE_DEBUG_INFO = YES;
				ONLY_ACTIVE_ARCH = YES;
				SDKROOT = iphoneos;
				SWIFT_ACTIVE_COMPILATION_CONDITIONS = DEBUG;
				SWIFT_OPTIMIZATION_LEVEL = "-Onone";
			};
			name = Debug;
		};
		879A1D621ED543B0007082C2 /* Release */ = {
			isa = XCBuildConfiguration;
			buildSettings = {
				ALWAYS_SEARCH_USER_PATHS = NO;
				CLANG_ANALYZER_NONNULL = YES;
				CLANG_ANALYZER_NUMBER_OBJECT_CONVERSION = YES_AGGRESSIVE;
				CLANG_CXX_LANGUAGE_STANDARD = "gnu++0x";
				CLANG_CXX_LIBRARY = "libc++";
				CLANG_ENABLE_MODULES = YES;
				CLANG_ENABLE_OBJC_ARC = YES;
				CLANG_WARN_BOOL_CONVERSION = YES;
				CLANG_WARN_CONSTANT_CONVERSION = YES;
				CLANG_WARN_DIRECT_OBJC_ISA_USAGE = YES_ERROR;
				CLANG_WARN_DOCUMENTATION_COMMENTS = YES;
				CLANG_WARN_EMPTY_BODY = YES;
				CLANG_WARN_ENUM_CONVERSION = YES;
				CLANG_WARN_INFINITE_RECURSION = YES;
				CLANG_WARN_INT_CONVERSION = YES;
				CLANG_WARN_OBJC_ROOT_CLASS = YES_ERROR;
				CLANG_WARN_SUSPICIOUS_MOVE = YES;
				CLANG_WARN_UNREACHABLE_CODE = YES;
				CLANG_WARN__DUPLICATE_METHOD_MATCH = YES;
				"CODE_SIGN_IDENTITY[sdk=iphoneos*]" = "iPhone Developer";
				COPY_PHASE_STRIP = NO;
				DEBUG_INFORMATION_FORMAT = "dwarf-with-dsym";
				ENABLE_NS_ASSERTIONS = NO;
				ENABLE_STRICT_OBJC_MSGSEND = YES;
				GCC_C_LANGUAGE_STANDARD = gnu99;
				GCC_NO_COMMON_BLOCKS = YES;
				GCC_WARN_64_TO_32_BIT_CONVERSION = YES;
				GCC_WARN_ABOUT_RETURN_TYPE = YES_ERROR;
				GCC_WARN_UNDECLARED_SELECTOR = YES;
				GCC_WARN_UNINITIALIZED_AUTOS = YES_AGGRESSIVE;
				GCC_WARN_UNUSED_FUNCTION = YES;
				GCC_WARN_UNUSED_VARIABLE = YES;
				IPHONEOS_DEPLOYMENT_TARGET = 10.3;
				MTL_ENABLE_DEBUG_INFO = NO;
				SDKROOT = iphoneos;
				SWIFT_OPTIMIZATION_LEVEL = "-Owholemodule";
				VALIDATE_PRODUCT = YES;
			};
			name = Release;
		};
		879A1D641ED543B0007082C2 /* Debug */ = {
			isa = XCBuildConfiguration;
			buildSettings = {
				ASSETCATALOG_COMPILER_APPICON_NAME = AppIcon;
				INFOPLIST_FILE = xmlParsing/Info.plist;
				LD_RUNPATH_SEARCH_PATHS = "$(inherited) @executable_path/Frameworks";
				PRODUCT_BUNDLE_IDENTIFIER = com.codekul.xmlParsing;
				PRODUCT_NAME = "$(TARGET_NAME)";
				SWIFT_VERSION = 3.0;
			};
			name = Debug;
		};
		879A1D651ED543B0007082C2 /* Release */ = {
			isa = XCBuildConfiguration;
			buildSettings = {
				ASSETCATALOG_COMPILER_APPICON_NAME = AppIcon;
				INFOPLIST_FILE = xmlParsing/Info.plist;
				LD_RUNPATH_SEARCH_PATHS = "$(inherited) @executable_path/Frameworks";
				PRODUCT_BUNDLE_IDENTIFIER = com.codekul.xmlParsing;
				PRODUCT_NAME = "$(TARGET_NAME)";
				SWIFT_VERSION = 3.0;
			};
			name = Release;
		};
/* End XCBuildConfiguration section */

/* Begin XCConfigurationList section */
		879A1D4C1ED543B0007082C2 /* Build configuration list for PBXProject "xmlParsing" */ = {
			isa = XCConfigurationList;
			buildConfigurations = (
				879A1D611ED543B0007082C2 /* Debug */,
				879A1D621ED543B0007082C2 /* Release */,
			);
			defaultConfigurationIsVisible = 0;
			defaultConfigurationName = Release;
		};
		879A1D631ED543B0007082C2 /* Build configuration list for PBXNativeTarget "xmlParsing" */ = {
			isa = XCConfigurationList;
			buildConfigurations = (
				879A1D641ED543B0007082C2 /* Debug */,
				879A1D651ED543B0007082C2 /* Release */,
			);
			defaultConfigurationIsVisible = 0;
			defaultConfigurationName = Release;
		};
/* End XCConfigurationList section */
	};
	rootObject = 879A1D491ED543B0007082C2 /* Project object */;
}
