// !$*UTF8*$!
{
	archiveVersion = 1;
	classes = {
	};
	objectVersion = 46;
	objects = {

/* Begin PBXBuildFile section */
		870EA5CB1ED40B8700687A59 /* AppDelegate.swift in Sources */ = {isa = PBXBuildFile; fileRef = 870EA5CA1ED40B8700687A59 /* AppDelegate.swift */; };
		870EA5CD1ED40B8700687A59 /* ViewController.swift in Sources */ = {isa = PBXBuildFile; fileRef = 870EA5CC1ED40B8700687A59 /* ViewController.swift */; };
		870EA5D01ED40B8700687A59 /* Main.storyboard in Resources */ = {isa = PBXBuildFile; fileRef = 870EA5CE1ED40B8700687A59 /* Main.storyboard */; };
		870EA5D21ED40B8700687A59 /* Assets.xcassets in Resources */ = {isa = PBXBuildFile; fileRef = 870EA5D11ED40B8700687A59 /* Assets.xcassets */; };
		870EA5D51ED40B8700687A59 /* LaunchScreen.storyboard in Resources */ = {isa = PBXBuildFile; fileRef = 870EA5D31ED40B8700687A59 /* LaunchScreen.storyboard */; };
		870EA5DD1ED40C5A00687A59 /* infoTableViewCell.swift in Sources */ = {isa = PBXBuildFile; fileRef = 870EA5DC1ED40C5A00687A59 /* infoTableViewCell.swift */; };
/* End PBXBuildFile section */

/* Begin PBXFileReference section */
		870EA5C71ED40B8700687A59 /* tableHide.app */ = {isa = PBXFileReference; explicitFileType = wrapper.application; includeInIndex = 0; path = tableHide.app; sourceTree = BUILT_PRODUCTS_DIR; };
		870EA5CA1ED40B8700687A59 /* AppDelegate.swift */ = {isa = PBXFileReference; lastKnownFileType = sourcecode.swift; path = AppDelegate.swift; sourceTree = "<group>"; };
		870EA5CC1ED40B8700687A59 /* ViewController.swift */ = {isa = PBXFileReference; lastKnownFileType = sourcecode.swift; path = ViewController.swift; sourceTree = "<group>"; };
		870EA5CF1ED40B8700687A59 /* Base */ = {isa = PBXFileReference; lastKnownFileType = file.storyboard; name = Base; path = Base.lproj/Main.storyboard; sourceTree = "<group>"; };
		870EA5D11ED40B8700687A59 /* Assets.xcassets */ = {isa = PBXFileReference; lastKnownFileType = folder.assetcatalog; path = Assets.xcassets; sourceTree = "<group>"; };
		870EA5D41ED40B8700687A59 /* Base */ = {isa = PBXFileReference; lastKnownFileType = file.storyboard; name = Base; path = Base.lproj/LaunchScreen.storyboard; sourceTree = "<group>"; };
		870EA5D61ED40B8700687A59 /* Info.plist */ = {isa = PBXFileReference; lastKnownFileType = text.plist.xml; path = Info.plist; sourceTree = "<group>"; };
		870EA5DC1ED40C5A00687A59 /* infoTableViewCell.swift */ = {isa = PBXFileReference; fileEncoding = 4; lastKnownFileType = sourcecode.swift; path = infoTableViewCell.swift; sourceTree = "<group>"; };
/* End PBXFileReference section */

/* Begin PBXFrameworksBuildPhase section */
		870EA5C41ED40B8700687A59 /* Frameworks */ = {
			isa = PBXFrameworksBuildPhase;
			buildActionMask = 2147483647;
			files = (
			);
			runOnlyForDeploymentPostprocessing = 0;
		};
/* End PBXFrameworksBuildPhase section */

/* Begin PBXGroup section */
		870EA5BE1ED40B8700687A59 = {
			isa = PBXGroup;
			children = (
				870EA5C91ED40B8700687A59 /* tableHide */,
				870EA5C81ED40B8700687A59 /* Products */,
			);
			sourceTree = "<group>";
		};
		870EA5C81ED40B8700687A59 /* Products */ = {
			isa = PBXGroup;
			children = (
				870EA5C71ED40B8700687A59 /* tableHide.app */,
			);
			name = Products;
			sourceTree = "<group>";
		};
		870EA5C91ED40B8700687A59 /* tableHide */ = {
			isa = PBXGroup;
			children = (
				870EA5CA1ED40B8700687A59 /* AppDelegate.swift */,
				870EA5CC1ED40B8700687A59 /* ViewController.swift */,
				870EA5CE1ED40B8700687A59 /* Main.storyboard */,
				870EA5D11ED40B8700687A59 /* Assets.xcassets */,
				870EA5D31ED40B8700687A59 /* LaunchScreen.storyboard */,
				870EA5D61ED40B8700687A59 /* Info.plist */,
				870EA5DC1ED40C5A00687A59 /* infoTableViewCell.swift */,
			);
			path = tableHide;
			sourceTree = "<group>";
		};
/* End PBXGroup section */

/* Begin PBXNativeTarget section */
		870EA5C61ED40B8700687A59 /* tableHide */ = {
			isa = PBXNativeTarget;
			buildConfigurationList = 870EA5D91ED40B8700687A59 /* Build configuration list for PBXNativeTarget "tableHide" */;
			buildPhases = (
				870EA5C31ED40B8700687A59 /* Sources */,
				870EA5C41ED40B8700687A59 /* Frameworks */,
				870EA5C51ED40B8700687A59 /* Resources */,
			);
			buildRules = (
			);
			dependencies = (
			);
			name = tableHide;
			productName = tableHide;
			productReference = 870EA5C71ED40B8700687A59 /* tableHide.app */;
			productType = "com.apple.product-type.application";
		};
/* End PBXNativeTarget section */

/* Begin PBXProject section */
		870EA5BF1ED40B8700687A59 /* Project object */ = {
			isa = PBXProject;
			attributes = {
				LastSwiftUpdateCheck = 0830;
				LastUpgradeCheck = 0830;
				ORGANIZATIONNAME = CodeKul;
				TargetAttributes = {
					870EA5C61ED40B8700687A59 = {
						CreatedOnToolsVersion = 8.3;
						ProvisioningStyle = Automatic;
					};
				};
			};
			buildConfigurationList = 870EA5C21ED40B8700687A59 /* Build configuration list for PBXProject "tableHide" */;
			compatibilityVersion = "Xcode 3.2";
			developmentRegion = English;
			hasScannedForEncodings = 0;
			knownRegions = (
				en,
				Base,
			);
			mainGroup = 870EA5BE1ED40B8700687A59;
			productRefGroup = 870EA5C81ED40B8700687A59 /* Products */;
			projectDirPath = "";
			projectRoot = "";
			targets = (
				870EA5C61ED40B8700687A59 /* tableHide */,
			);
		};
/* End PBXProject section */

/* Begin PBXResourcesBuildPhase section */
		870EA5C51ED40B8700687A59 /* Resources */ = {
			isa = PBXResourcesBuildPhase;
			buildActionMask = 2147483647;
			files = (
				870EA5D51ED40B8700687A59 /* LaunchScreen.storyboard in Resources */,
				870EA5D21ED40B8700687A59 /* Assets.xcassets in Resources */,
				870EA5D01ED40B8700687A59 /* Main.storyboard in Resources */,
			);
			runOnlyForDeploymentPostprocessing = 0;
		};
/* End PBXResourcesBuildPhase section */

/* Begin PBXSourcesBuildPhase section */
		870EA5C31ED40B8700687A59 /* Sources */ = {
			isa = PBXSourcesBuildPhase;
			buildActionMask = 2147483647;
			files = (
				870EA5CD1ED40B8700687A59 /* ViewController.swift in Sources */,
				870EA5CB1ED40B8700687A59 /* AppDelegate.swift in Sources */,
				870EA5DD1ED40C5A00687A59 /* infoTableViewCell.swift in Sources */,
			);
			runOnlyForDeploymentPostprocessing = 0;
		};
/* End PBXSourcesBuildPhase section */

/* Begin PBXVariantGroup section */
		870EA5CE1ED40B8700687A59 /* Main.storyboard */ = {
			isa = PBXVariantGroup;
			children = (
				870EA5CF1ED40B8700687A59 /* Base */,
			);
			name = Main.storyboard;
			sourceTree = "<group>";
		};
		870EA5D31ED40B8700687A59 /* LaunchScreen.storyboard */ = {
			isa = PBXVariantGroup;
			children = (
				870EA5D41ED40B8700687A59 /* Base */,
			);
			name = LaunchScreen.storyboard;
			sourceTree = "<group>";
		};
/* End PBXVariantGroup section */

/* Begin XCBuildConfiguration section */
		870EA5D71ED40B8700687A59 /* Debug */ = {
			isa = XCBuildConfiguration;
			buildSettings = {
				ALWAYS_SEARCH_USER_PATHS = NO;
				CLANG_ANALYZER_NONNULL = YES;
				CLANG_ANALYZER_NUMBER_OBJECT_CONVERSION = YES_AGGRESSIVE;
				CLANG_CXX_LANGUAGE_STANDARD = "gnu++0x";
				CLANG_CXX_LIBRARY = "libc++";
				CLANG_ENABLE_MODULES = YES;
				CLANG_ENABLE_OBJC_ARC = YES;
				CLANG_WARN_BOOL_CONVERSION = YES;
				CLANG_WARN_CONSTANT_CONVERSION = YES;
				CLANG_WARN_DIRECT_OBJC_ISA_USAGE = YES_ERROR;
				CLANG_WARN_DOCUMENTATION_COMMENTS = YES;
				CLANG_WARN_EMPTY_BODY = YES;
				CLANG_WARN_ENUM_CONVERSION = YES;
				CLANG_WARN_INFINITE_RECURSION = YES;
				CLANG_WARN_INT_CONVERSION = YES;
				CLANG_WARN_OBJC_ROOT_CLASS = YES_ERROR;
				CLANG_WARN_SUSPICIOUS_MOVE = YES;
				CLANG_WARN_UNREACHABLE_CODE = YES;
				CLANG_WARN__DUPLICATE_METHOD_MATCH = YES;
				"CODE_SIGN_IDENTITY[sdk=iphoneos*]" = "iPhone Developer";
				COPY_PHASE_STRIP = NO;
				DEBUG_INFORMATION_FORMAT = dwarf;
				ENABLE_STRICT_OBJC_MSGSEND = YES;
				ENABLE_TESTABILITY = YES;
				GCC_C_LANGUAGE_STANDARD = gnu99;
				GCC_DYNAMIC_NO_PIC = NO;
				GCC_NO_COMMON_BLOCKS = YES;
				GCC_OPTIMIZATION_LEVEL = 0;
				GCC_PREPROCESSOR_DEFINITIONS = (
					"DEBUG=1",
					"$(inherited)",
				);
				GCC_WARN_64_TO_32_BIT_CONVERSION = YES;
				GCC_WARN_ABOUT_RETURN_TYPE = YES_ERROR;
				GCC_WARN_UNDECLARED_SELECTOR = YES;
				GCC_WARN_UNINITIALIZED_AUTOS = YES_AGGRESSIVE;
				GCC_WARN_UNUSED_FUNCTION = YES;
				GCC_WARN_UNUSED_VARIABLE = YES;
				IPHONEOS_DEPLOYMENT_TARGET = 10.3;
				MTL_ENABLE_DEBUG_INFO = YES;
				ONLY_ACTIVE_ARCH = YES;
				SDKROOT = iphoneos;
				SWIFT_ACTIVE_COMPILATION_CONDITIONS = DEBUG;
				SWIFT_OPTIMIZATION_LEVEL = "-Onone";
			};
			name = Debug;
		};
		870EA5D81ED40B8700687A59 /* Release */ = {
			isa = XCBuildConfiguration;
			buildSettings = {
				ALWAYS_SEARCH_USER_PATHS = NO;
				CLANG_ANALYZER_NONNULL = YES;
				CLANG_ANALYZER_NUMBER_OBJECT_CONVERSION = YES_AGGRESSIVE;
				CLANG_CXX_LANGUAGE_STANDARD = "gnu++0x";
				CLANG_CXX_LIBRARY = "libc++";
				CLANG_ENABLE_MODULES = YES;
				CLANG_ENABLE_OBJC_ARC = YES;
				CLANG_WARN_BOOL_CONVERSION = YES;
				CLANG_WARN_CONSTANT_CONVERSION = YES;
				CLANG_WARN_DIRECT_OBJC_ISA_USAGE = YES_ERROR;
				CLANG_WARN_DOCUMENTATION_COMMENTS = YES;
				CLANG_WARN_EMPTY_BODY = YES;
				CLANG_WARN_ENUM_CONVERSION = YES;
				CLANG_WARN_INFINITE_RECURSION = YES;
				CLANG_WARN_INT_CONVERSION = YES;
				CLANG_WARN_OBJC_ROOT_CLASS = YES_ERROR;
				CLANG_WARN_SUSPICIOUS_MOVE = YES;
				CLANG_WARN_UNREACHABLE_CODE = YES;
				CLANG_WARN__DUPLICATE_METHOD_MATCH = YES;
				"CODE_SIGN_IDENTITY[sdk=iphoneos*]" = "iPhone Developer";
				COPY_PHASE_STRIP = NO;
				DEBUG_INFORMATION_FORMAT = "dwarf-with-dsym";
				ENABLE_NS_ASSERTIONS = NO;
				ENABLE_STRICT_OBJC_MSGSEND = YES;
				GCC_C_LANGUAGE_STANDARD = gnu99;
				GCC_NO_COMMON_BLOCKS = YES;
				GCC_WARN_64_TO_32_BIT_CONVERSION = YES;
				GCC_WARN_ABOUT_RETURN_TYPE = YES_ERROR;
				GCC_WARN_UNDECLARED_SELECTOR = YES;
				GCC_WARN_UNINITIALIZED_AUTOS = YES_AGGRESSIVE;
				GCC_WARN_UNUSED_FUNCTION = YES;
				GCC_WARN_UNUSED_VARIABLE = YES;
				IPHONEOS_DEPLOYMENT_TARGET = 10.3;
				MTL_ENABLE_DEBUG_INFO = NO;
				SDKROOT = iphoneos;
				SWIFT_OPTIMIZATION_LEVEL = "-Owholemodule";
				VALIDATE_PRODUCT = YES;
			};
			name = Release;
		};
		870EA5DA1ED40B8700687A59 /* Debug */ = {
			isa = XCBuildConfiguration;
			buildSettings = {
				ASSETCATALOG_COMPILER_APPICON_NAME = AppIcon;
				INFOPLIST_FILE = tableHide/Info.plist;
				LD_RUNPATH_SEARCH_PATHS = "$(inherited) @executable_path/Frameworks";
				PRODUCT_BUNDLE_IDENTIFIER = com.codekul.tableHide;
				PRODUCT_NAME = "$(TARGET_NAME)";
				SWIFT_VERSION = 3.0;
			};
			name = Debug;
		};
		870EA5DB1ED40B8700687A59 /* Release */ = {
			isa = XCBuildConfiguration;
			buildSettings = {
				ASSETCATALOG_COMPILER_APPICON_NAME = AppIcon;
				INFOPLIST_FILE = tableHide/Info.plist;
				LD_RUNPATH_SEARCH_PATHS = "$(inherited) @executable_path/Frameworks";
				PRODUCT_BUNDLE_IDENTIFIER = com.codekul.tableHide;
				PRODUCT_NAME = "$(TARGET_NAME)";
				SWIFT_VERSION = 3.0;
			};
			name = Release;
		};
/* End XCBuildConfiguration section */

/* Begin XCConfigurationList section */
		870EA5C21ED40B8700687A59 /* Build configuration list for PBXProject "tableHide" */ = {
			isa = XCConfigurationList;
			buildConfigurations = (
				870EA5D71ED40B8700687A59 /* Debug */,
				870EA5D81ED40B8700687A59 /* Release */,
			);
			defaultConfigurationIsVisible = 0;
			defaultConfigurationName = Release;
		};
		870EA5D91ED40B8700687A59 /* Build configuration list for PBXNativeTarget "tableHide" */ = {
			isa = XCConfigurationList;
			buildConfigurations = (
				870EA5DA1ED40B8700687A59 /* Debug */,
				870EA5DB1ED40B8700687A59 /* Release */,
			);
			defaultConfigurationIsVisible = 0;
		};
/* End XCConfigurationList section */
	};
	rootObject = 870EA5BF1ED40B8700687A59 /* Project object */;
}
